PODS:
  - AudioPlayerSwift (1.5.1)
  - Crashlytics (3.8.0):
    - Fabric (~> 1.6.3)
  - Fabric (1.6.8)
  - GLTimeline (0.0.2)
  - Spring (1.0.5)

DEPENDENCIES:
  - AudioPlayerSwift
  - Crashlytics (= 3.8.0)
  - Fabric (= 1.6.8)
  - GLTimeline
  - Spring (from `https://github.com/MengTo/Spring.git`, branch `master`)

SPEC REPOS:
  https://github.com/CocoaPods/Specs.git:
    - AudioPlayerSwift
    - Crashlytics
    - Fabric
    - GLTimeline

EXTERNAL SOURCES:
  Spring:
    :branch: master
    :git: https://github.com/MengTo/Spring.git

CHECKOUT OPTIONS:
  Spring:
    :commit: c540239f3590bbaf4a35c3959c329dd5ed4e3eee
    :git: https://github.com/MengTo/Spring.git

SPEC CHECKSUMS:
  AudioPlayerSwift: 042b801cc88c3ed2ab01ca14ec75eb0cc47f7f14
  Crashlytics: 8601d9c74a4c4d28f3e7f408bf4c0e490c70e8b4
  Fabric: 5755268d0171435ab167e3d0878a28a777deaf10
  GLTimeline: 2372f5d25d96ed13f6bccc430af6429d57691c76
  Spring: 3c7666eccefdeb87140008dc81043f89f8dbb787

PODFILE CHECKSUM: a6f3a2057876e51440c72daabc172f17c438563b

COCOAPODS: 1.5.0
