// !$*UTF8*$!
{
	archiveVersion = 1;
	classes = {
	};
	objectVersion = 46;
	objects = {

/* Begin PBXBuildFile section */
		08245F19D3676AE7711E18F2 /* Pods_AmbitTests.framework in Frameworks */ = {isa = PBXBuildFile; fileRef = CE6C22BBDAFC5924BDF0213A /* Pods_AmbitTests.framework */; };
		0A119D8F1E5AB86200E318AF /* SBTimeLabel.swift in Sources */ = {isa = PBXBuildFile; fileRef = 94E9E02F1E3EC456008A1F84 /* SBTimeLabel.swift */; };
		0A6E17C01E5A54A50081CB29 /* LightsOptionsViewController.swift in Sources */ = {isa = PBXBuildFile; fileRef = 0A6E17BF1E5A54A50081CB29 /* LightsOptionsViewController.swift */; };
		0A6E17C21E5A54BD0081CB29 /* WatchOptionsViewController.swift in Sources */ = {isa = PBXBuildFile; fileRef = 0A6E17C11E5A54BD0081CB29 /* WatchOptionsViewController.swift */; };
		0AE8D92F1E5A463300023F0C /* EventOptionsViewController.swift in Sources */ = {isa = PBXBuildFile; fileRef = 0AE8D92E1E5A463300023F0C /* EventOptionsViewController.swift */; };
		74B95EA61DFB735300B03661 /* AppDelegate.swift in Sources */ = {isa = PBXBuildFile; fileRef = 74B95EA51DFB735300B03661 /* AppDelegate.swift */; };
		74B95EA81DFB735300B03661 /* ViewController.swift in Sources */ = {isa = PBXBuildFile; fileRef = 74B95EA71DFB735300B03661 /* ViewController.swift */; };
		74B95EAB1DFB735300B03661 /* Main.storyboard in Resources */ = {isa = PBXBuildFile; fileRef = 74B95EA91DFB735300B03661 /* Main.storyboard */; };
		74B95EB01DFB735400B03661 /* Assets.xcassets in Resources */ = {isa = PBXBuildFile; fileRef = 74B95EAF1DFB735400B03661 /* Assets.xcassets */; };
		74B95EB31DFB735400B03661 /* LaunchScreen.storyboard in Resources */ = {isa = PBXBuildFile; fileRef = 74B95EB11DFB735400B03661 /* LaunchScreen.storyboard */; };
		74B95EBE1DFB735400B03661 /* AmbitTests.swift in Sources */ = {isa = PBXBuildFile; fileRef = 74B95EBD1DFB735400B03661 /* AmbitTests.swift */; };
		74B95EC91DFB735400B03661 /* AmbitUITests.swift in Sources */ = {isa = PBXBuildFile; fileRef = 74B95EC81DFB735400B03661 /* AmbitUITests.swift */; };
		7AD917DC8EDBDDA1852CD9CB /* Pods_Ambit.framework in Frameworks */ = {isa = PBXBuildFile; fileRef = 8D1D98B5C1B96E01AD9087F0 /* Pods_Ambit.framework */; };
		941436931E479B6E004B3430 /* 500.jpg in Resources */ = {isa = PBXBuildFile; fileRef = 941436921E479B6E004B3430 /* 500.jpg */; };
		9416C4FA1E45924300267C85 /* Interface.storyboard in Resources */ = {isa = PBXBuildFile; fileRef = 9416C4F81E45924300267C85 /* Interface.storyboard */; };
		9416C4FC1E45924300267C85 /* Assets.xcassets in Resources */ = {isa = PBXBuildFile; fileRef = 9416C4FB1E45924300267C85 /* Assets.xcassets */; };
		9416C5031E45924300267C85 /* Watch Extension.appex in Embed App Extensions */ = {isa = PBXBuildFile; fileRef = 9416C5021E45924300267C85 /* Watch Extension.appex */; settings = {ATTRIBUTES = (RemoveHeadersOnCopy, ); }; };
		9416C5081E45924300267C85 /* InterfaceController.swift in Sources */ = {isa = PBXBuildFile; fileRef = 9416C5071E45924300267C85 /* InterfaceController.swift */; };
		9416C50A1E45924300267C85 /* ExtensionDelegate.swift in Sources */ = {isa = PBXBuildFile; fileRef = 9416C5091E45924300267C85 /* ExtensionDelegate.swift */; };
		9416C50C1E45924300267C85 /* Assets.xcassets in Resources */ = {isa = PBXBuildFile; fileRef = 9416C50B1E45924300267C85 /* Assets.xcassets */; };
		9416C5101E45924300267C85 /* Watch.app in Embed Watch Content */ = {isa = PBXBuildFile; fileRef = 9416C4F61E45924200267C85 /* Watch.app */; };
		943F58DD1E46300B0068B8BF /* WatchSessionManager.swift in Sources */ = {isa = PBXBuildFile; fileRef = 943F58DC1E46300B0068B8BF /* WatchSessionManager.swift */; };
		943F58DF1E4630140068B8BF /* WatchSessionManager.swift in Sources */ = {isa = PBXBuildFile; fileRef = 943F58DE1E4630140068B8BF /* WatchSessionManager.swift */; };
		944BEAC01E465BC900C1BADA /* UserNotifications.framework in Frameworks */ = {isa = PBXBuildFile; fileRef = 944BEABF1E465BC900C1BADA /* UserNotifications.framework */; };
		94596FE61E46201800C04E17 /* DataSource.swift in Sources */ = {isa = PBXBuildFile; fileRef = 94596FE51E46201800C04E17 /* DataSource.swift */; };
		946597771E454FFF00ED204C /* RTCoreData.framework in Frameworks */ = {isa = PBXBuildFile; fileRef = 946597761E454FFF00ED204C /* RTCoreData.framework */; };
		946597791E4567F400ED204C /* LaunchScreenViewController.swift in Sources */ = {isa = PBXBuildFile; fileRef = 946597781E4567F400ED204C /* LaunchScreenViewController.swift */; };
		9470D6DC1E503BE5009AA49A /* AVFoundation.framework in Frameworks */ = {isa = PBXBuildFile; fileRef = 9470D6DB1E503BE5009AA49A /* AVFoundation.framework */; };
		9470D6DF1E5105BD009AA49A /* RecorderManager.swift in Sources */ = {isa = PBXBuildFile; fileRef = 9470D6DE1E5105BC009AA49A /* RecorderManager.swift */; };
		947D75411E41804C00B69286 /* AlarmOptionsTableViewController.swift in Sources */ = {isa = PBXBuildFile; fileRef = 947D75401E41804C00B69286 /* AlarmOptionsTableViewController.swift */; };
		947D75431E418A5E00B69286 /* BlurTableViewCell.swift in Sources */ = {isa = PBXBuildFile; fileRef = 947D75421E418A5E00B69286 /* BlurTableViewCell.swift */; };
		947D75451E41A16E00B69286 /* SoundsTableViewController.swift in Sources */ = {isa = PBXBuildFile; fileRef = 947D75441E41A16E00B69286 /* SoundsTableViewController.swift */; };
		947D75471E41AA8000B69286 /* thunderstorm.mp3 in Resources */ = {isa = PBXBuildFile; fileRef = 947D75461E41AA8000B69286 /* thunderstorm.mp3 */; };
		947F47001E4364F70047CD4C /* AmbitConstants.swift in Sources */ = {isa = PBXBuildFile; fileRef = 947F46FF1E4364F70047CD4C /* AmbitConstants.swift */; };
		9480E5221E44433400E094F3 /* Model.xcdatamodeld in Sources */ = {isa = PBXBuildFile; fileRef = 9480E5201E44433400E094F3 /* Model.xcdatamodeld */; };
		9480E5241E44447D00E094F3 /* Alarm.swift in Sources */ = {isa = PBXBuildFile; fileRef = 9480E5231E44447D00E094F3 /* Alarm.swift */; };
		948BB9AA1E46E2FA00185831 /* bell.mp3 in Resources */ = {isa = PBXBuildFile; fileRef = 948BB9A81E46E2FA00185831 /* bell.mp3 */; };
		948BB9AB1E46E2FA00185831 /* tickle.mp3 in Resources */ = {isa = PBXBuildFile; fileRef = 948BB9A91E46E2FA00185831 /* tickle.mp3 */; };
		948BB9AD1E477A8B00185831 /* AlarmScheduleManager.swift in Sources */ = {isa = PBXBuildFile; fileRef = 948BB9AC1E477A8B00185831 /* AlarmScheduleManager.swift */; };
		949B0F881E4596A20092FFE5 /* AppDelegate.swift in Sources */ = {isa = PBXBuildFile; fileRef = 949B0F871E4596A20092FFE5 /* AppDelegate.swift */; };
		949B0F8A1E4596A20092FFE5 /* ViewController.swift in Sources */ = {isa = PBXBuildFile; fileRef = 949B0F891E4596A20092FFE5 /* ViewController.swift */; };
		949B0F8D1E4596A20092FFE5 /* TV.xcdatamodeld in Sources */ = {isa = PBXBuildFile; fileRef = 949B0F8B1E4596A20092FFE5 /* TV.xcdatamodeld */; };
		949B0F901E4596A20092FFE5 /* Main.storyboard in Resources */ = {isa = PBXBuildFile; fileRef = 949B0F8E1E4596A20092FFE5 /* Main.storyboard */; };
		949B0F921E4596A20092FFE5 /* Assets.xcassets in Resources */ = {isa = PBXBuildFile; fileRef = 949B0F911E4596A20092FFE5 /* Assets.xcassets */; };
		949B0F9D1E4596A30092FFE5 /* TVTests.swift in Sources */ = {isa = PBXBuildFile; fileRef = 949B0F9C1E4596A30092FFE5 /* TVTests.swift */; };
		949B0FA81E4596A30092FFE5 /* TVUITests.swift in Sources */ = {isa = PBXBuildFile; fileRef = 949B0FA71E4596A30092FFE5 /* TVUITests.swift */; };
		949B0FB41E45A4670092FFE5 /* Helpers.swift in Sources */ = {isa = PBXBuildFile; fileRef = 949B0FB31E45A4670092FFE5 /* Helpers.swift */; };
		949B0FB51E45A74A0092FFE5 /* CALayer+Extension.swift in Sources */ = {isa = PBXBuildFile; fileRef = 94A7A5F31E404A4E00A6D11D /* CALayer+Extension.swift */; };
		949B0FB61E45A74A0092FFE5 /* ColorConstant.swift in Sources */ = {isa = PBXBuildFile; fileRef = 94A7A5F41E404A4E00A6D11D /* ColorConstant.swift */; };
		949B0FB71E45A74A0092FFE5 /* GradientHandler.swift in Sources */ = {isa = PBXBuildFile; fileRef = 94A7A5F51E404A4E00A6D11D /* GradientHandler.swift */; };
		949B0FB81E45A74A0092FFE5 /* UIColor+Extension.swift in Sources */ = {isa = PBXBuildFile; fileRef = 94A7A5F61E404A4E00A6D11D /* UIColor+Extension.swift */; };
		94A7A5F71E404A4E00A6D11D /* CALayer+Extension.swift in Sources */ = {isa = PBXBuildFile; fileRef = 94A7A5F31E404A4E00A6D11D /* CALayer+Extension.swift */; };
		94A7A5F81E404A4E00A6D11D /* ColorConstant.swift in Sources */ = {isa = PBXBuildFile; fileRef = 94A7A5F41E404A4E00A6D11D /* ColorConstant.swift */; };
		94A7A5F91E404A4E00A6D11D /* GradientHandler.swift in Sources */ = {isa = PBXBuildFile; fileRef = 94A7A5F51E404A4E00A6D11D /* GradientHandler.swift */; };
		94A7A5FA1E404A4E00A6D11D /* UIColor+Extension.swift in Sources */ = {isa = PBXBuildFile; fileRef = 94A7A5F61E404A4E00A6D11D /* UIColor+Extension.swift */; };
		94A7A5FC1E40664E00A6D11D /* Utilities.swift in Sources */ = {isa = PBXBuildFile; fileRef = 94A7A5FB1E40664E00A6D11D /* Utilities.swift */; };
		94B7C01B1E4F88C2002E0CBA /* EventTableViewCell.swift in Sources */ = {isa = PBXBuildFile; fileRef = 94B7C01A1E4F88C2002E0CBA /* EventTableViewCell.swift */; };
		94CA1F621E4F8E51005A1053 /* Event.swift in Sources */ = {isa = PBXBuildFile; fileRef = 94CA1F611E4F8E51005A1053 /* Event.swift */; };
		94CA1F651E4FAD1B005A1053 /* EventManager.swift in Sources */ = {isa = PBXBuildFile; fileRef = 94CA1F641E4FAD1B005A1053 /* EventManager.swift */; };
		94E061BC1E46493100206DF0 /* NotificationController.swift in Sources */ = {isa = PBXBuildFile; fileRef = 94E061BA1E46493100206DF0 /* NotificationController.swift */; };
		94E061BD1E46493100206DF0 /* PushNotificationPayload.apns in Resources */ = {isa = PBXBuildFile; fileRef = 94E061BB1E46493100206DF0 /* PushNotificationPayload.apns */; };
		94E061BF1E464CCC00206DF0 /* WNotificationController.swift in Sources */ = {isa = PBXBuildFile; fileRef = 94E061BE1E464CCC00206DF0 /* WNotificationController.swift */; };
		94E9DFF01E3EB289008A1F84 /* HueSDK_iOS.framework in Frameworks */ = {isa = PBXBuildFile; fileRef = 94E9DFEF1E3EB289008A1F84 /* HueSDK_iOS.framework */; };
		94E9E0081E3EB9A3008A1F84 /* DDAbstractDatabaseLogger.m in Sources */ = {isa = PBXBuildFile; fileRef = 94E9DFFF1E3EB9A3008A1F84 /* DDAbstractDatabaseLogger.m */; };
		94E9E0091E3EB9A3008A1F84 /* DDASLLogger.m in Sources */ = {isa = PBXBuildFile; fileRef = 94E9E0011E3EB9A3008A1F84 /* DDASLLogger.m */; };
		94E9E00A1E3EB9A3008A1F84 /* DDFileLogger.m in Sources */ = {isa = PBXBuildFile; fileRef = 94E9E0031E3EB9A3008A1F84 /* DDFileLogger.m */; };
		94E9E00B1E3EB9A3008A1F84 /* DDLog.m in Sources */ = {isa = PBXBuildFile; fileRef = 94E9E0051E3EB9A3008A1F84 /* DDLog.m */; };
		94E9E00C1E3EB9A3008A1F84 /* DDTTYLogger.m in Sources */ = {isa = PBXBuildFile; fileRef = 94E9E0071E3EB9A3008A1F84 /* DDTTYLogger.m */; };
		94E9E0131E3EB9E3008A1F84 /* ContextFilterLogFormatter.m in Sources */ = {isa = PBXBuildFile; fileRef = 94E9E0101E3EB9E3008A1F84 /* ContextFilterLogFormatter.m */; };
		94E9E0141E3EB9E3008A1F84 /* DispatchQueueLogFormatter.m in Sources */ = {isa = PBXBuildFile; fileRef = 94E9E0121E3EB9E3008A1F84 /* DispatchQueueLogFormatter.m */; };
		94E9E0301E3EC456008A1F84 /* SBTimeLabel.swift in Sources */ = {isa = PBXBuildFile; fileRef = 94E9E02F1E3EC456008A1F84 /* SBTimeLabel.swift */; };
		94E9E0341E3ECA97008A1F84 /* Helpers.swift in Sources */ = {isa = PBXBuildFile; fileRef = 94E9E0331E3ECA97008A1F84 /* Helpers.swift */; };
		94E9E04D1E3EE601008A1F84 /* HueConnectionManager.swift in Sources */ = {isa = PBXBuildFile; fileRef = 94E9E04C1E3EE601008A1F84 /* HueConnectionManager.swift */; };
		94E9E04F1E3F017A008A1F84 /* HueBridgeAuthenticationViewController.swift in Sources */ = {isa = PBXBuildFile; fileRef = 94E9E04E1E3F017A008A1F84 /* HueBridgeAuthenticationViewController.swift */; };
		94E9E0511E3F01F0008A1F84 /* HueBridgeSelectionTableViewController.swift in Sources */ = {isa = PBXBuildFile; fileRef = 94E9E0501E3F01F0008A1F84 /* HueBridgeSelectionTableViewController.swift */; };
		B81BB50E1FFAEEEC00E2D8B3 /* Thunderstorm_Fireplace.swift in Sources */ = {isa = PBXBuildFile; fileRef = B81BB50D1FFAEEEC00E2D8B3 /* Thunderstorm_Fireplace.swift */; };
		B81BB5101FFAF37400E2D8B3 /* thunderstorm_fireplace.mp3 in Resources */ = {isa = PBXBuildFile; fileRef = B81BB50F1FFAF37400E2D8B3 /* thunderstorm_fireplace.mp3 */; };
		B8A8C2292000B2D200483407 /* party.mp3 in Resources */ = {isa = PBXBuildFile; fileRef = B8A8C2282000B2D100483407 /* party.mp3 */; };
		B8E7EA962001AC2400B5B6D1 /* PreferencesTableViewController.swift in Sources */ = {isa = PBXBuildFile; fileRef = B8E7EA952001AC2400B5B6D1 /* PreferencesTableViewController.swift */; };
		B8E7EA982001BC9900B5B6D1 /* PreferencesTableViewCell.swift in Sources */ = {isa = PBXBuildFile; fileRef = B8E7EA972001BC9900B5B6D1 /* PreferencesTableViewCell.swift */; };
		C29842FF6D81FE74340AADDF /* Pods_AmbitUITests.framework in Frameworks */ = {isa = PBXBuildFile; fileRef = 2319D788B74C29BA42B4AB0E /* Pods_AmbitUITests.framework */; };
/* End PBXBuildFile section */

/* Begin PBXContainerItemProxy section */
		74B95EBA1DFB735400B03661 /* PBXContainerItemProxy */ = {
			isa = PBXContainerItemProxy;
			containerPortal = 74B95E9A1DFB735300B03661 /* Project object */;
			proxyType = 1;
			remoteGlobalIDString = 74B95EA11DFB735300B03661;
			remoteInfo = Ambit;
		};
		74B95EC51DFB735400B03661 /* PBXContainerItemProxy */ = {
			isa = PBXContainerItemProxy;
			containerPortal = 74B95E9A1DFB735300B03661 /* Project object */;
			proxyType = 1;
			remoteGlobalIDString = 74B95EA11DFB735300B03661;
			remoteInfo = Ambit;
		};
		9416C5041E45924300267C85 /* PBXContainerItemProxy */ = {
			isa = PBXContainerItemProxy;
			containerPortal = 74B95E9A1DFB735300B03661 /* Project object */;
			proxyType = 1;
			remoteGlobalIDString = 9416C5011E45924300267C85;
			remoteInfo = "Watch Extension";
		};
		9416C50E1E45924300267C85 /* PBXContainerItemProxy */ = {
			isa = PBXContainerItemProxy;
			containerPortal = 74B95E9A1DFB735300B03661 /* Project object */;
			proxyType = 1;
			remoteGlobalIDString = 9416C4F51E45924200267C85;
			remoteInfo = Watch;
		};
		949B0F991E4596A30092FFE5 /* PBXContainerItemProxy */ = {
			isa = PBXContainerItemProxy;
			containerPortal = 74B95E9A1DFB735300B03661 /* Project object */;
			proxyType = 1;
			remoteGlobalIDString = 949B0F841E4596A20092FFE5;
			remoteInfo = TV;
		};
		949B0FA41E4596A30092FFE5 /* PBXContainerItemProxy */ = {
			isa = PBXContainerItemProxy;
			containerPortal = 74B95E9A1DFB735300B03661 /* Project object */;
			proxyType = 1;
			remoteGlobalIDString = 949B0F841E4596A20092FFE5;
			remoteInfo = TV;
		};
/* End PBXContainerItemProxy section */

/* Begin PBXCopyFilesBuildPhase section */
		9416C5161E45924300267C85 /* Embed App Extensions */ = {
			isa = PBXCopyFilesBuildPhase;
			buildActionMask = 2147483647;
			dstPath = "";
			dstSubfolderSpec = 13;
			files = (
				9416C5031E45924300267C85 /* Watch Extension.appex in Embed App Extensions */,
			);
			name = "Embed App Extensions";
			runOnlyForDeploymentPostprocessing = 0;
		};
		9416C5181E45924300267C85 /* Embed Watch Content */ = {
			isa = PBXCopyFilesBuildPhase;
			buildActionMask = 2147483647;
			dstPath = "$(CONTENTS_FOLDER_PATH)/Watch";
			dstSubfolderSpec = 16;
			files = (
				9416C5101E45924300267C85 /* Watch.app in Embed Watch Content */,
			);
			name = "Embed Watch Content";
			runOnlyForDeploymentPostprocessing = 0;
		};
/* End PBXCopyFilesBuildPhase section */

/* Begin PBXFileReference section */
		033CF1CC2D82D3B729580E99 /* Pods-AmbitTests.release.xcconfig */ = {isa = PBXFileReference; includeInIndex = 1; lastKnownFileType = text.xcconfig; name = "Pods-AmbitTests.release.xcconfig"; path = "Pods/Target Support Files/Pods-AmbitTests/Pods-AmbitTests.release.xcconfig"; sourceTree = "<group>"; };
		0A6E17BF1E5A54A50081CB29 /* LightsOptionsViewController.swift */ = {isa = PBXFileReference; fileEncoding = 4; lastKnownFileType = sourcecode.swift; path = LightsOptionsViewController.swift; sourceTree = "<group>"; };
		0A6E17C11E5A54BD0081CB29 /* WatchOptionsViewController.swift */ = {isa = PBXFileReference; fileEncoding = 4; lastKnownFileType = sourcecode.swift; path = WatchOptionsViewController.swift; sourceTree = "<group>"; };
		0AE8D92E1E5A463300023F0C /* EventOptionsViewController.swift */ = {isa = PBXFileReference; fileEncoding = 4; lastKnownFileType = sourcecode.swift; path = EventOptionsViewController.swift; sourceTree = "<group>"; };
		2319D788B74C29BA42B4AB0E /* Pods_AmbitUITests.framework */ = {isa = PBXFileReference; explicitFileType = wrapper.framework; includeInIndex = 0; path = Pods_AmbitUITests.framework; sourceTree = BUILT_PRODUCTS_DIR; };
		74B95EA21DFB735300B03661 /* Ambit.app */ = {isa = PBXFileReference; explicitFileType = wrapper.application; includeInIndex = 0; path = Ambit.app; sourceTree = BUILT_PRODUCTS_DIR; };
		74B95EA51DFB735300B03661 /* AppDelegate.swift */ = {isa = PBXFileReference; lastKnownFileType = sourcecode.swift; path = AppDelegate.swift; sourceTree = "<group>"; };
		74B95EA71DFB735300B03661 /* ViewController.swift */ = {isa = PBXFileReference; lastKnownFileType = sourcecode.swift; path = ViewController.swift; sourceTree = "<group>"; };
		74B95EAA1DFB735300B03661 /* Base */ = {isa = PBXFileReference; lastKnownFileType = file.storyboard; name = Base; path = Base.lproj/Main.storyboard; sourceTree = "<group>"; };
		74B95EAF1DFB735400B03661 /* Assets.xcassets */ = {isa = PBXFileReference; lastKnownFileType = folder.assetcatalog; path = Assets.xcassets; sourceTree = "<group>"; };
		74B95EB21DFB735400B03661 /* Base */ = {isa = PBXFileReference; lastKnownFileType = file.storyboard; name = Base; path = Base.lproj/LaunchScreen.storyboard; sourceTree = "<group>"; };
		74B95EB41DFB735400B03661 /* Info.plist */ = {isa = PBXFileReference; lastKnownFileType = text.plist.xml; path = Info.plist; sourceTree = "<group>"; };
		74B95EB91DFB735400B03661 /* AmbitTests.xctest */ = {isa = PBXFileReference; explicitFileType = wrapper.cfbundle; includeInIndex = 0; path = AmbitTests.xctest; sourceTree = BUILT_PRODUCTS_DIR; };
		74B95EBD1DFB735400B03661 /* AmbitTests.swift */ = {isa = PBXFileReference; lastKnownFileType = sourcecode.swift; path = AmbitTests.swift; sourceTree = "<group>"; };
		74B95EBF1DFB735400B03661 /* Info.plist */ = {isa = PBXFileReference; lastKnownFileType = text.plist.xml; path = Info.plist; sourceTree = "<group>"; };
		74B95EC41DFB735400B03661 /* AmbitUITests.xctest */ = {isa = PBXFileReference; explicitFileType = wrapper.cfbundle; includeInIndex = 0; path = AmbitUITests.xctest; sourceTree = BUILT_PRODUCTS_DIR; };
		74B95EC81DFB735400B03661 /* AmbitUITests.swift */ = {isa = PBXFileReference; lastKnownFileType = sourcecode.swift; path = AmbitUITests.swift; sourceTree = "<group>"; };
		74B95ECA1DFB735400B03661 /* Info.plist */ = {isa = PBXFileReference; lastKnownFileType = text.plist.xml; path = Info.plist; sourceTree = "<group>"; };
		860CA7B9B603DA8CBF490151 /* Pods-AmbitUITests.release.xcconfig */ = {isa = PBXFileReference; includeInIndex = 1; lastKnownFileType = text.xcconfig; name = "Pods-AmbitUITests.release.xcconfig"; path = "Pods/Target Support Files/Pods-AmbitUITests/Pods-AmbitUITests.release.xcconfig"; sourceTree = "<group>"; };
		8D1D98B5C1B96E01AD9087F0 /* Pods_Ambit.framework */ = {isa = PBXFileReference; explicitFileType = wrapper.framework; includeInIndex = 0; path = Pods_Ambit.framework; sourceTree = BUILT_PRODUCTS_DIR; };
		941436921E479B6E004B3430 /* 500.jpg */ = {isa = PBXFileReference; lastKnownFileType = image.jpeg; path = 500.jpg; sourceTree = SOURCE_ROOT; };
		9416C4F61E45924200267C85 /* Watch.app */ = {isa = PBXFileReference; explicitFileType = wrapper.application; includeInIndex = 0; path = Watch.app; sourceTree = BUILT_PRODUCTS_DIR; };
		9416C4F91E45924300267C85 /* Base */ = {isa = PBXFileReference; lastKnownFileType = file.storyboard; name = Base; path = Base.lproj/Interface.storyboard; sourceTree = "<group>"; };
		9416C4FB1E45924300267C85 /* Assets.xcassets */ = {isa = PBXFileReference; lastKnownFileType = folder.assetcatalog; path = Assets.xcassets; sourceTree = "<group>"; };
		9416C4FD1E45924300267C85 /* Info.plist */ = {isa = PBXFileReference; lastKnownFileType = text.plist.xml; path = Info.plist; sourceTree = "<group>"; };
		9416C5021E45924300267C85 /* Watch Extension.appex */ = {isa = PBXFileReference; explicitFileType = "wrapper.app-extension"; includeInIndex = 0; path = "Watch Extension.appex"; sourceTree = BUILT_PRODUCTS_DIR; };
		9416C5071E45924300267C85 /* InterfaceController.swift */ = {isa = PBXFileReference; lastKnownFileType = sourcecode.swift; path = InterfaceController.swift; sourceTree = "<group>"; };
		9416C5091E45924300267C85 /* ExtensionDelegate.swift */ = {isa = PBXFileReference; lastKnownFileType = sourcecode.swift; path = ExtensionDelegate.swift; sourceTree = "<group>"; };
		9416C50B1E45924300267C85 /* Assets.xcassets */ = {isa = PBXFileReference; lastKnownFileType = folder.assetcatalog; path = Assets.xcassets; sourceTree = "<group>"; };
		9416C50D1E45924300267C85 /* Info.plist */ = {isa = PBXFileReference; lastKnownFileType = text.plist.xml; path = Info.plist; sourceTree = "<group>"; };
		943F58DC1E46300B0068B8BF /* WatchSessionManager.swift */ = {isa = PBXFileReference; fileEncoding = 4; lastKnownFileType = sourcecode.swift; path = WatchSessionManager.swift; sourceTree = "<group>"; };
		943F58DE1E4630140068B8BF /* WatchSessionManager.swift */ = {isa = PBXFileReference; fileEncoding = 4; lastKnownFileType = sourcecode.swift; path = WatchSessionManager.swift; sourceTree = "<group>"; };
		944BEABF1E465BC900C1BADA /* UserNotifications.framework */ = {isa = PBXFileReference; lastKnownFileType = wrapper.framework; name = UserNotifications.framework; path = System/Library/Frameworks/UserNotifications.framework; sourceTree = SDKROOT; };
		94596FE51E46201800C04E17 /* DataSource.swift */ = {isa = PBXFileReference; fileEncoding = 4; lastKnownFileType = sourcecode.swift; path = DataSource.swift; sourceTree = "<group>"; };
		946597761E454FFF00ED204C /* RTCoreData.framework */ = {isa = PBXFileReference; lastKnownFileType = wrapper.framework; name = RTCoreData.framework; path = Carthage/Build/iOS/RTCoreData.framework; sourceTree = "<group>"; };
		946597781E4567F400ED204C /* LaunchScreenViewController.swift */ = {isa = PBXFileReference; fileEncoding = 4; lastKnownFileType = sourcecode.swift; path = LaunchScreenViewController.swift; sourceTree = "<group>"; };
		9470D6DB1E503BE5009AA49A /* AVFoundation.framework */ = {isa = PBXFileReference; lastKnownFileType = wrapper.framework; name = AVFoundation.framework; path = System/Library/Frameworks/AVFoundation.framework; sourceTree = SDKROOT; };
		9470D6DE1E5105BC009AA49A /* RecorderManager.swift */ = {isa = PBXFileReference; fileEncoding = 4; lastKnownFileType = sourcecode.swift; path = RecorderManager.swift; sourceTree = "<group>"; };
		947D75401E41804C00B69286 /* AlarmOptionsTableViewController.swift */ = {isa = PBXFileReference; fileEncoding = 4; lastKnownFileType = sourcecode.swift; path = AlarmOptionsTableViewController.swift; sourceTree = "<group>"; };
		947D75421E418A5E00B69286 /* BlurTableViewCell.swift */ = {isa = PBXFileReference; fileEncoding = 4; lastKnownFileType = sourcecode.swift; path = BlurTableViewCell.swift; sourceTree = "<group>"; };
		947D75441E41A16E00B69286 /* SoundsTableViewController.swift */ = {isa = PBXFileReference; fileEncoding = 4; lastKnownFileType = sourcecode.swift; path = SoundsTableViewController.swift; sourceTree = "<group>"; };
		947D75461E41AA8000B69286 /* thunderstorm.mp3 */ = {isa = PBXFileReference; lastKnownFileType = audio.mp3; path = thunderstorm.mp3; sourceTree = SOURCE_ROOT; };
		947F46FF1E4364F70047CD4C /* AmbitConstants.swift */ = {isa = PBXFileReference; fileEncoding = 4; lastKnownFileType = sourcecode.swift; path = AmbitConstants.swift; sourceTree = "<group>"; };
		9480E5211E44433400E094F3 /* Model.xcdatamodel */ = {isa = PBXFileReference; lastKnownFileType = wrapper.xcdatamodel; path = Model.xcdatamodel; sourceTree = "<group>"; };
		9480E5231E44447D00E094F3 /* Alarm.swift */ = {isa = PBXFileReference; fileEncoding = 4; lastKnownFileType = sourcecode.swift; path = Alarm.swift; sourceTree = "<group>"; };
		948BB9A81E46E2FA00185831 /* bell.mp3 */ = {isa = PBXFileReference; lastKnownFileType = audio.mp3; path = bell.mp3; sourceTree = SOURCE_ROOT; };
		948BB9A91E46E2FA00185831 /* tickle.mp3 */ = {isa = PBXFileReference; lastKnownFileType = audio.mp3; path = tickle.mp3; sourceTree = SOURCE_ROOT; };
		948BB9AC1E477A8B00185831 /* AlarmScheduleManager.swift */ = {isa = PBXFileReference; fileEncoding = 4; lastKnownFileType = sourcecode.swift; path = AlarmScheduleManager.swift; sourceTree = "<group>"; };
		949B0F851E4596A20092FFE5 /* TV.app */ = {isa = PBXFileReference; explicitFileType = wrapper.application; includeInIndex = 0; path = TV.app; sourceTree = BUILT_PRODUCTS_DIR; };
		949B0F871E4596A20092FFE5 /* AppDelegate.swift */ = {isa = PBXFileReference; lastKnownFileType = sourcecode.swift; path = AppDelegate.swift; sourceTree = "<group>"; };
		949B0F891E4596A20092FFE5 /* ViewController.swift */ = {isa = PBXFileReference; lastKnownFileType = sourcecode.swift; path = ViewController.swift; sourceTree = "<group>"; };
		949B0F8C1E4596A20092FFE5 /* TV.xcdatamodel */ = {isa = PBXFileReference; lastKnownFileType = wrapper.xcdatamodel; path = TV.xcdatamodel; sourceTree = "<group>"; };
		949B0F8F1E4596A20092FFE5 /* Base */ = {isa = PBXFileReference; lastKnownFileType = file.storyboard; name = Base; path = Base.lproj/Main.storyboard; sourceTree = "<group>"; };
		949B0F911E4596A20092FFE5 /* Assets.xcassets */ = {isa = PBXFileReference; lastKnownFileType = folder.assetcatalog; path = Assets.xcassets; sourceTree = "<group>"; };
		949B0F931E4596A20092FFE5 /* Info.plist */ = {isa = PBXFileReference; lastKnownFileType = text.plist.xml; path = Info.plist; sourceTree = "<group>"; };
		949B0F981E4596A20092FFE5 /* TVTests.xctest */ = {isa = PBXFileReference; explicitFileType = wrapper.cfbundle; includeInIndex = 0; path = TVTests.xctest; sourceTree = BUILT_PRODUCTS_DIR; };
		949B0F9C1E4596A30092FFE5 /* TVTests.swift */ = {isa = PBXFileReference; lastKnownFileType = sourcecode.swift; path = TVTests.swift; sourceTree = "<group>"; };
		949B0F9E1E4596A30092FFE5 /* Info.plist */ = {isa = PBXFileReference; lastKnownFileType = text.plist.xml; path = Info.plist; sourceTree = "<group>"; };
		949B0FA31E4596A30092FFE5 /* TVUITests.xctest */ = {isa = PBXFileReference; explicitFileType = wrapper.cfbundle; includeInIndex = 0; path = TVUITests.xctest; sourceTree = BUILT_PRODUCTS_DIR; };
		949B0FA71E4596A30092FFE5 /* TVUITests.swift */ = {isa = PBXFileReference; lastKnownFileType = sourcecode.swift; path = TVUITests.swift; sourceTree = "<group>"; };
		949B0FA91E4596A30092FFE5 /* Info.plist */ = {isa = PBXFileReference; lastKnownFileType = text.plist.xml; path = Info.plist; sourceTree = "<group>"; };
		949B0FB31E45A4670092FFE5 /* Helpers.swift */ = {isa = PBXFileReference; fileEncoding = 4; lastKnownFileType = sourcecode.swift; path = Helpers.swift; sourceTree = "<group>"; };
		94A7A5F31E404A4E00A6D11D /* CALayer+Extension.swift */ = {isa = PBXFileReference; fileEncoding = 4; lastKnownFileType = sourcecode.swift; name = "CALayer+Extension.swift"; path = "Frameworks/GradientAnimate/CALayer+Extension.swift"; sourceTree = "<group>"; };
		94A7A5F41E404A4E00A6D11D /* ColorConstant.swift */ = {isa = PBXFileReference; fileEncoding = 4; lastKnownFileType = sourcecode.swift; name = ColorConstant.swift; path = Frameworks/GradientAnimate/ColorConstant.swift; sourceTree = "<group>"; };
		94A7A5F51E404A4E00A6D11D /* GradientHandler.swift */ = {isa = PBXFileReference; fileEncoding = 4; lastKnownFileType = sourcecode.swift; name = GradientHandler.swift; path = Frameworks/GradientAnimate/GradientHandler.swift; sourceTree = "<group>"; };
		94A7A5F61E404A4E00A6D11D /* UIColor+Extension.swift */ = {isa = PBXFileReference; fileEncoding = 4; lastKnownFileType = sourcecode.swift; name = "UIColor+Extension.swift"; path = "Frameworks/GradientAnimate/UIColor+Extension.swift"; sourceTree = "<group>"; };
		94A7A5FB1E40664E00A6D11D /* Utilities.swift */ = {isa = PBXFileReference; fileEncoding = 4; lastKnownFileType = sourcecode.swift; path = Utilities.swift; sourceTree = "<group>"; };
		94B7C01A1E4F88C2002E0CBA /* EventTableViewCell.swift */ = {isa = PBXFileReference; fileEncoding = 4; lastKnownFileType = sourcecode.swift; path = EventTableViewCell.swift; sourceTree = "<group>"; };
		94CA1F611E4F8E51005A1053 /* Event.swift */ = {isa = PBXFileReference; fileEncoding = 4; lastKnownFileType = sourcecode.swift; path = Event.swift; sourceTree = "<group>"; };
		94CA1F641E4FAD1B005A1053 /* EventManager.swift */ = {isa = PBXFileReference; fileEncoding = 4; lastKnownFileType = sourcecode.swift; path = EventManager.swift; sourceTree = "<group>"; };
		94E061BA1E46493100206DF0 /* NotificationController.swift */ = {isa = PBXFileReference; fileEncoding = 4; lastKnownFileType = sourcecode.swift; path = NotificationController.swift; sourceTree = "<group>"; };
		94E061BB1E46493100206DF0 /* PushNotificationPayload.apns */ = {isa = PBXFileReference; fileEncoding = 4; lastKnownFileType = text; path = PushNotificationPayload.apns; sourceTree = "<group>"; };
		94E061BE1E464CCC00206DF0 /* WNotificationController.swift */ = {isa = PBXFileReference; fileEncoding = 4; lastKnownFileType = sourcecode.swift; path = WNotificationController.swift; sourceTree = "<group>"; };
		94E9DFEF1E3EB289008A1F84 /* HueSDK_iOS.framework */ = {isa = PBXFileReference; lastKnownFileType = wrapper.framework; name = HueSDK_iOS.framework; path = Frameworks/Hue/HueSDK_iOS.framework; sourceTree = "<group>"; };
		94E9DFF31E3EB5FF008A1F84 /* Ambit-Bridging-Header.h */ = {isa = PBXFileReference; lastKnownFileType = sourcecode.c.h; path = "Ambit-Bridging-Header.h"; sourceTree = "<group>"; };
		94E9DFFE1E3EB9A3008A1F84 /* DDAbstractDatabaseLogger.h */ = {isa = PBXFileReference; fileEncoding = 4; lastKnownFileType = sourcecode.c.h; name = DDAbstractDatabaseLogger.h; path = ../Lumberjack/DDAbstractDatabaseLogger.h; sourceTree = "<group>"; };
		94E9DFFF1E3EB9A3008A1F84 /* DDAbstractDatabaseLogger.m */ = {isa = PBXFileReference; fileEncoding = 4; lastKnownFileType = sourcecode.c.objc; name = DDAbstractDatabaseLogger.m; path = ../Lumberjack/DDAbstractDatabaseLogger.m; sourceTree = "<group>"; };
		94E9E0001E3EB9A3008A1F84 /* DDASLLogger.h */ = {isa = PBXFileReference; fileEncoding = 4; lastKnownFileType = sourcecode.c.h; name = DDASLLogger.h; path = ../Lumberjack/DDASLLogger.h; sourceTree = "<group>"; };
		94E9E0011E3EB9A3008A1F84 /* DDASLLogger.m */ = {isa = PBXFileReference; fileEncoding = 4; lastKnownFileType = sourcecode.c.objc; name = DDASLLogger.m; path = ../Lumberjack/DDASLLogger.m; sourceTree = "<group>"; };
		94E9E0021E3EB9A3008A1F84 /* DDFileLogger.h */ = {isa = PBXFileReference; fileEncoding = 4; lastKnownFileType = sourcecode.c.h; name = DDFileLogger.h; path = ../Lumberjack/DDFileLogger.h; sourceTree = "<group>"; };
		94E9E0031E3EB9A3008A1F84 /* DDFileLogger.m */ = {isa = PBXFileReference; fileEncoding = 4; lastKnownFileType = sourcecode.c.objc; name = DDFileLogger.m; path = ../Lumberjack/DDFileLogger.m; sourceTree = "<group>"; };
		94E9E0041E3EB9A3008A1F84 /* DDLog.h */ = {isa = PBXFileReference; fileEncoding = 4; lastKnownFileType = sourcecode.c.h; name = DDLog.h; path = ../Lumberjack/DDLog.h; sourceTree = "<group>"; };
		94E9E0051E3EB9A3008A1F84 /* DDLog.m */ = {isa = PBXFileReference; fileEncoding = 4; lastKnownFileType = sourcecode.c.objc; name = DDLog.m; path = ../Lumberjack/DDLog.m; sourceTree = "<group>"; };
		94E9E0061E3EB9A3008A1F84 /* DDTTYLogger.h */ = {isa = PBXFileReference; fileEncoding = 4; lastKnownFileType = sourcecode.c.h; name = DDTTYLogger.h; path = ../Lumberjack/DDTTYLogger.h; sourceTree = "<group>"; };
		94E9E0071E3EB9A3008A1F84 /* DDTTYLogger.m */ = {isa = PBXFileReference; fileEncoding = 4; lastKnownFileType = sourcecode.c.objc; name = DDTTYLogger.m; path = ../Lumberjack/DDTTYLogger.m; sourceTree = "<group>"; };
		94E9E00F1E3EB9E3008A1F84 /* ContextFilterLogFormatter.h */ = {isa = PBXFileReference; fileEncoding = 4; lastKnownFileType = sourcecode.c.h; name = ContextFilterLogFormatter.h; path = ../Lumberjack/Extensions/ContextFilterLogFormatter.h; sourceTree = "<group>"; };
		94E9E0101E3EB9E3008A1F84 /* ContextFilterLogFormatter.m */ = {isa = PBXFileReference; fileEncoding = 4; lastKnownFileType = sourcecode.c.objc; name = ContextFilterLogFormatter.m; path = ../Lumberjack/Extensions/ContextFilterLogFormatter.m; sourceTree = "<group>"; };
		94E9E0111E3EB9E3008A1F84 /* DispatchQueueLogFormatter.h */ = {isa = PBXFileReference; fileEncoding = 4; lastKnownFileType = sourcecode.c.h; name = DispatchQueueLogFormatter.h; path = ../Lumberjack/Extensions/DispatchQueueLogFormatter.h; sourceTree = "<group>"; };
		94E9E0121E3EB9E3008A1F84 /* DispatchQueueLogFormatter.m */ = {isa = PBXFileReference; fileEncoding = 4; lastKnownFileType = sourcecode.c.objc; name = DispatchQueueLogFormatter.m; path = ../Lumberjack/Extensions/DispatchQueueLogFormatter.m; sourceTree = "<group>"; };
		94E9E02F1E3EC456008A1F84 /* SBTimeLabel.swift */ = {isa = PBXFileReference; fileEncoding = 4; lastKnownFileType = sourcecode.swift; name = SBTimeLabel.swift; path = Frameworks/SBTimeLabel/SBTimeLabel.swift; sourceTree = "<group>"; };
		94E9E0331E3ECA97008A1F84 /* Helpers.swift */ = {isa = PBXFileReference; fileEncoding = 4; lastKnownFileType = sourcecode.swift; path = Helpers.swift; sourceTree = "<group>"; };
		94E9E04C1E3EE601008A1F84 /* HueConnectionManager.swift */ = {isa = PBXFileReference; fileEncoding = 4; lastKnownFileType = sourcecode.swift; path = HueConnectionManager.swift; sourceTree = "<group>"; };
		94E9E04E1E3F017A008A1F84 /* HueBridgeAuthenticationViewController.swift */ = {isa = PBXFileReference; fileEncoding = 4; lastKnownFileType = sourcecode.swift; path = HueBridgeAuthenticationViewController.swift; sourceTree = "<group>"; };
		94E9E0501E3F01F0008A1F84 /* HueBridgeSelectionTableViewController.swift */ = {isa = PBXFileReference; fileEncoding = 4; lastKnownFileType = sourcecode.swift; path = HueBridgeSelectionTableViewController.swift; sourceTree = "<group>"; };
		991816760E467C08DD5B0369 /* Pods-Ambit.release.xcconfig */ = {isa = PBXFileReference; includeInIndex = 1; lastKnownFileType = text.xcconfig; name = "Pods-Ambit.release.xcconfig"; path = "Pods/Target Support Files/Pods-Ambit/Pods-Ambit.release.xcconfig"; sourceTree = "<group>"; };
		B621F7C1FBE7498AC652993E /* Pods-AmbitTests.debug.xcconfig */ = {isa = PBXFileReference; includeInIndex = 1; lastKnownFileType = text.xcconfig; name = "Pods-AmbitTests.debug.xcconfig"; path = "Pods/Target Support Files/Pods-AmbitTests/Pods-AmbitTests.debug.xcconfig"; sourceTree = "<group>"; };
		B81BB50D1FFAEEEC00E2D8B3 /* Thunderstorm_Fireplace.swift */ = {isa = PBXFileReference; lastKnownFileType = sourcecode.swift; path = Thunderstorm_Fireplace.swift; sourceTree = "<group>"; };
		B81BB50F1FFAF37400E2D8B3 /* thunderstorm_fireplace.mp3 */ = {isa = PBXFileReference; lastKnownFileType = audio.mp3; path = thunderstorm_fireplace.mp3; sourceTree = SOURCE_ROOT; };
		B8A8C2282000B2D100483407 /* party.mp3 */ = {isa = PBXFileReference; lastKnownFileType = audio.mp3; path = party.mp3; sourceTree = "<group>"; };
		B8E7EA952001AC2400B5B6D1 /* PreferencesTableViewController.swift */ = {isa = PBXFileReference; fileEncoding = 4; lastKnownFileType = sourcecode.swift; path = PreferencesTableViewController.swift; sourceTree = "<group>"; };
		B8E7EA972001BC9900B5B6D1 /* PreferencesTableViewCell.swift */ = {isa = PBXFileReference; lastKnownFileType = sourcecode.swift; path = PreferencesTableViewCell.swift; sourceTree = "<group>"; };
		BA9763449EA3A0DDA78CB88D /* Pods-Ambit.debug.xcconfig */ = {isa = PBXFileReference; includeInIndex = 1; lastKnownFileType = text.xcconfig; name = "Pods-Ambit.debug.xcconfig"; path = "Pods/Target Support Files/Pods-Ambit/Pods-Ambit.debug.xcconfig"; sourceTree = "<group>"; };
		CE6C22BBDAFC5924BDF0213A /* Pods_AmbitTests.framework */ = {isa = PBXFileReference; explicitFileType = wrapper.framework; includeInIndex = 0; path = Pods_AmbitTests.framework; sourceTree = BUILT_PRODUCTS_DIR; };
		DCCC85028A2B8F72C8D5DF16 /* Pods-AmbitUITests.debug.xcconfig */ = {isa = PBXFileReference; includeInIndex = 1; lastKnownFileType = text.xcconfig; name = "Pods-AmbitUITests.debug.xcconfig"; path = "Pods/Target Support Files/Pods-AmbitUITests/Pods-AmbitUITests.debug.xcconfig"; sourceTree = "<group>"; };
/* End PBXFileReference section */

/* Begin PBXFrameworksBuildPhase section */
		3ECD67F6F17A10403B01C72E /* Frameworks */ = {
			isa = PBXFrameworksBuildPhase;
			buildActionMask = 2147483647;
			files = (
			);
			runOnlyForDeploymentPostprocessing = 0;
		};
		74B95E9F1DFB735300B03661 /* Frameworks */ = {
			isa = PBXFrameworksBuildPhase;
			buildActionMask = 2147483647;
			files = (
				9470D6DC1E503BE5009AA49A /* AVFoundation.framework in Frameworks */,
				944BEAC01E465BC900C1BADA /* UserNotifications.framework in Frameworks */,
				94E9DFF01E3EB289008A1F84 /* HueSDK_iOS.framework in Frameworks */,
				7AD917DC8EDBDDA1852CD9CB /* Pods_Ambit.framework in Frameworks */,
				946597771E454FFF00ED204C /* RTCoreData.framework in Frameworks */,
			);
			runOnlyForDeploymentPostprocessing = 0;
		};
		74B95EB61DFB735400B03661 /* Frameworks */ = {
			isa = PBXFrameworksBuildPhase;
			buildActionMask = 2147483647;
			files = (
				08245F19D3676AE7711E18F2 /* Pods_AmbitTests.framework in Frameworks */,
			);
			runOnlyForDeploymentPostprocessing = 0;
		};
		74B95EC11DFB735400B03661 /* Frameworks */ = {
			isa = PBXFrameworksBuildPhase;
			buildActionMask = 2147483647;
			files = (
				C29842FF6D81FE74340AADDF /* Pods_AmbitUITests.framework in Frameworks */,
			);
			runOnlyForDeploymentPostprocessing = 0;
		};
		9416C4FF1E45924300267C85 /* Frameworks */ = {
			isa = PBXFrameworksBuildPhase;
			buildActionMask = 2147483647;
			files = (
			);
			runOnlyForDeploymentPostprocessing = 0;
		};
		949B0F821E4596A20092FFE5 /* Frameworks */ = {
			isa = PBXFrameworksBuildPhase;
			buildActionMask = 2147483647;
			files = (
			);
			runOnlyForDeploymentPostprocessing = 0;
		};
		949B0F951E4596A20092FFE5 /* Frameworks */ = {
			isa = PBXFrameworksBuildPhase;
			buildActionMask = 2147483647;
			files = (
			);
			runOnlyForDeploymentPostprocessing = 0;
		};
		949B0FA01E4596A30092FFE5 /* Frameworks */ = {
			isa = PBXFrameworksBuildPhase;
			buildActionMask = 2147483647;
			files = (
			);
			runOnlyForDeploymentPostprocessing = 0;
		};
/* End PBXFrameworksBuildPhase section */

/* Begin PBXGroup section */
		3AFB159A743C9F299048D051 /* Pods */ = {
			isa = PBXGroup;
			children = (
				BA9763449EA3A0DDA78CB88D /* Pods-Ambit.debug.xcconfig */,
				991816760E467C08DD5B0369 /* Pods-Ambit.release.xcconfig */,
				B621F7C1FBE7498AC652993E /* Pods-AmbitTests.debug.xcconfig */,
				033CF1CC2D82D3B729580E99 /* Pods-AmbitTests.release.xcconfig */,
				DCCC85028A2B8F72C8D5DF16 /* Pods-AmbitUITests.debug.xcconfig */,
				860CA7B9B603DA8CBF490151 /* Pods-AmbitUITests.release.xcconfig */,
			);
			name = Pods;
			sourceTree = "<group>";
		};
		74B95E991DFB735300B03661 = {
			isa = PBXGroup;
			children = (
				74B95EA41DFB735300B03661 /* Ambit */,
				74B95EBC1DFB735400B03661 /* AmbitTests */,
				74B95EC71DFB735400B03661 /* AmbitUITests */,
				9416C4F71E45924300267C85 /* Watch */,
				9416C5061E45924300267C85 /* Watch Extension */,
				949B0F861E4596A20092FFE5 /* TV */,
				949B0F9B1E4596A30092FFE5 /* TVTests */,
				949B0FA61E4596A30092FFE5 /* TVUITests */,
				74B95EA31DFB735300B03661 /* Products */,
				3AFB159A743C9F299048D051 /* Pods */,
				CE9EDE0DBCC025329CC23A8E /* Frameworks */,
				94E9DFF31E3EB5FF008A1F84 /* Ambit-Bridging-Header.h */,
			);
			sourceTree = "<group>";
		};
		74B95EA31DFB735300B03661 /* Products */ = {
			isa = PBXGroup;
			children = (
				74B95EA21DFB735300B03661 /* Ambit.app */,
				74B95EB91DFB735400B03661 /* AmbitTests.xctest */,
				74B95EC41DFB735400B03661 /* AmbitUITests.xctest */,
				9416C4F61E45924200267C85 /* Watch.app */,
				9416C5021E45924300267C85 /* Watch Extension.appex */,
				949B0F851E4596A20092FFE5 /* TV.app */,
				949B0F981E4596A20092FFE5 /* TVTests.xctest */,
				949B0FA31E4596A30092FFE5 /* TVUITests.xctest */,
			);
			name = Products;
			sourceTree = "<group>";
		};
		74B95EA41DFB735300B03661 /* Ambit */ = {
			isa = PBXGroup;
			children = (
				74B95ED61DFB737700B03661 /* Storyboards */,
				74B95EDC1DFB73BC00B03661 /* View Controllers */,
				74B95EDB1DFB73B700B03661 /* Views */,
				74B95EDA1DFB73AE00B03661 /* Cells */,
				74B95ED91DFB73A000B03661 /* Models */,
				94E9E02D1E3EBF40008A1F84 /* Managers */,
				74B95ED81DFB739100B03661 /* Helpers */,
				74B95ED71DFB738100B03661 /* Supporting Files */,
			);
			path = Ambit;
			sourceTree = "<group>";
		};
		74B95EBC1DFB735400B03661 /* AmbitTests */ = {
			isa = PBXGroup;
			children = (
				74B95EBD1DFB735400B03661 /* AmbitTests.swift */,
				74B95EBF1DFB735400B03661 /* Info.plist */,
			);
			path = AmbitTests;
			sourceTree = "<group>";
		};
		74B95EC71DFB735400B03661 /* AmbitUITests */ = {
			isa = PBXGroup;
			children = (
				74B95EC81DFB735400B03661 /* AmbitUITests.swift */,
				74B95ECA1DFB735400B03661 /* Info.plist */,
			);
			path = AmbitUITests;
			sourceTree = "<group>";
		};
		74B95ED61DFB737700B03661 /* Storyboards */ = {
			isa = PBXGroup;
			children = (
				74B95EA91DFB735300B03661 /* Main.storyboard */,
				74B95EB11DFB735400B03661 /* LaunchScreen.storyboard */,
			);
			name = Storyboards;
			sourceTree = "<group>";
		};
		74B95ED71DFB738100B03661 /* Supporting Files */ = {
			isa = PBXGroup;
			children = (
				941436921E479B6E004B3430 /* 500.jpg */,
				948BB9AF1E47849900185831 /* Sleep Sounds */,
				948BB9AE1E47848E00185831 /* Alarms */,
				948BB9A81E46E2FA00185831 /* bell.mp3 */,
				948BB9A91E46E2FA00185831 /* tickle.mp3 */,
				B81BB50F1FFAF37400E2D8B3 /* thunderstorm_fireplace.mp3 */,
				B8A8C2282000B2D100483407 /* party.mp3 */,
				947D75461E41AA8000B69286 /* thunderstorm.mp3 */,
				94A7A5FB1E40664E00A6D11D /* Utilities.swift */,
				74B95EB41DFB735400B03661 /* Info.plist */,
				74B95EAF1DFB735400B03661 /* Assets.xcassets */,
				74B95EA51DFB735300B03661 /* AppDelegate.swift */,
				947F46FF1E4364F70047CD4C /* AmbitConstants.swift */,
			);
			name = "Supporting Files";
			sourceTree = "<group>";
		};
		74B95ED81DFB739100B03661 /* Helpers */ = {
			isa = PBXGroup;
			children = (
				94E9E0331E3ECA97008A1F84 /* Helpers.swift */,
			);
			name = Helpers;
			sourceTree = "<group>";
		};
		74B95ED91DFB73A000B03661 /* Models */ = {
			isa = PBXGroup;
			children = (
				9480E5201E44433400E094F3 /* Model.xcdatamodeld */,
				9480E5231E44447D00E094F3 /* Alarm.swift */,
				94CA1F611E4F8E51005A1053 /* Event.swift */,
			);
			name = Models;
			sourceTree = "<group>";
		};
		74B95EDA1DFB73AE00B03661 /* Cells */ = {
			isa = PBXGroup;
			children = (
				947D75421E418A5E00B69286 /* BlurTableViewCell.swift */,
				94B7C01A1E4F88C2002E0CBA /* EventTableViewCell.swift */,
				B8E7EA972001BC9900B5B6D1 /* PreferencesTableViewCell.swift */,
			);
			name = Cells;
			sourceTree = "<group>";
		};
		74B95EDB1DFB73B700B03661 /* Views */ = {
			isa = PBXGroup;
			children = (
			);
			name = Views;
			sourceTree = "<group>";
		};
		74B95EDC1DFB73BC00B03661 /* View Controllers */ = {
			isa = PBXGroup;
			children = (
				74B95EA71DFB735300B03661 /* ViewController.swift */,
				0AE8D92E1E5A463300023F0C /* EventOptionsViewController.swift */,
				946597781E4567F400ED204C /* LaunchScreenViewController.swift */,
				947D75401E41804C00B69286 /* AlarmOptionsTableViewController.swift */,
				947D75441E41A16E00B69286 /* SoundsTableViewController.swift */,
				B8E7EA952001AC2400B5B6D1 /* PreferencesTableViewController.swift */,
				0A6E17BF1E5A54A50081CB29 /* LightsOptionsViewController.swift */,
				0A6E17C11E5A54BD0081CB29 /* WatchOptionsViewController.swift */,
			);
			name = "View Controllers";
			sourceTree = "<group>";
		};
		9416C4F71E45924300267C85 /* Watch */ = {
			isa = PBXGroup;
			children = (
				9416C4F81E45924300267C85 /* Interface.storyboard */,
				9416C4FB1E45924300267C85 /* Assets.xcassets */,
				9416C4FD1E45924300267C85 /* Info.plist */,
			);
			path = Watch;
			sourceTree = "<group>";
		};
		9416C5061E45924300267C85 /* Watch Extension */ = {
			isa = PBXGroup;
			children = (
				94E061BA1E46493100206DF0 /* NotificationController.swift */,
				94E061BB1E46493100206DF0 /* PushNotificationPayload.apns */,
				9416C5071E45924300267C85 /* InterfaceController.swift */,
				94596FE51E46201800C04E17 /* DataSource.swift */,
				943F58DE1E4630140068B8BF /* WatchSessionManager.swift */,
				9416C5091E45924300267C85 /* ExtensionDelegate.swift */,
				9416C50B1E45924300267C85 /* Assets.xcassets */,
				9416C50D1E45924300267C85 /* Info.plist */,
				94E061BE1E464CCC00206DF0 /* WNotificationController.swift */,
			);
			path = "Watch Extension";
			sourceTree = "<group>";
		};
		9470D6DD1E5105A4009AA49A /* Recordings */ = {
			isa = PBXGroup;
			children = (
				9470D6DE1E5105BC009AA49A /* RecorderManager.swift */,
			);
			name = Recordings;
			sourceTree = "<group>";
		};
		948BB9AE1E47848E00185831 /* Alarms */ = {
			isa = PBXGroup;
			children = (
			);
			name = Alarms;
			sourceTree = "<group>";
		};
		948BB9AF1E47849900185831 /* Sleep Sounds */ = {
			isa = PBXGroup;
			children = (
			);
			name = "Sleep Sounds";
			sourceTree = "<group>";
		};
		949B0F861E4596A20092FFE5 /* TV */ = {
			isa = PBXGroup;
			children = (
				949B0F871E4596A20092FFE5 /* AppDelegate.swift */,
				949B0F891E4596A20092FFE5 /* ViewController.swift */,
				949B0FB31E45A4670092FFE5 /* Helpers.swift */,
				949B0F8E1E4596A20092FFE5 /* Main.storyboard */,
				949B0F911E4596A20092FFE5 /* Assets.xcassets */,
				949B0F931E4596A20092FFE5 /* Info.plist */,
				949B0F8B1E4596A20092FFE5 /* TV.xcdatamodeld */,
			);
			path = TV;
			sourceTree = "<group>";
		};
		949B0F9B1E4596A30092FFE5 /* TVTests */ = {
			isa = PBXGroup;
			children = (
				949B0F9C1E4596A30092FFE5 /* TVTests.swift */,
				949B0F9E1E4596A30092FFE5 /* Info.plist */,
			);
			path = TVTests;
			sourceTree = "<group>";
		};
		949B0FA61E4596A30092FFE5 /* TVUITests */ = {
			isa = PBXGroup;
			children = (
				949B0FA71E4596A30092FFE5 /* TVUITests.swift */,
				949B0FA91E4596A30092FFE5 /* Info.plist */,
			);
			path = TVUITests;
			sourceTree = "<group>";
		};
		949B0FBC1E4618470092FFE5 /* Watch */ = {
			isa = PBXGroup;
			children = (
				943F58DC1E46300B0068B8BF /* WatchSessionManager.swift */,
			);
			name = Watch;
			sourceTree = "<group>";
		};
		949B0FBD1E46190A0092FFE5 /* Alarms */ = {
			isa = PBXGroup;
			children = (
				948BB9AC1E477A8B00185831 /* AlarmScheduleManager.swift */,
			);
			name = Alarms;
			sourceTree = "<group>";
		};
		94A7A5F21E404A3800A6D11D /* Gradient Animation */ = {
			isa = PBXGroup;
			children = (
				94A7A5F31E404A4E00A6D11D /* CALayer+Extension.swift */,
				94A7A5F41E404A4E00A6D11D /* ColorConstant.swift */,
				94A7A5F51E404A4E00A6D11D /* GradientHandler.swift */,
				94A7A5F61E404A4E00A6D11D /* UIColor+Extension.swift */,
			);
			name = "Gradient Animation";
			sourceTree = "<group>";
		};
		94CA1F631E4F94F8005A1053 /* Events */ = {
			isa = PBXGroup;
			children = (
				94CA1F641E4FAD1B005A1053 /* EventManager.swift */,
			);
			name = Events;
			sourceTree = "<group>";
		};
		94E9E00D1E3EB9A9008A1F84 /* Lumberjack */ = {
			isa = PBXGroup;
			children = (
				94E9E00E1E3EB9C7008A1F84 /* Extensions */,
				94E9DFFE1E3EB9A3008A1F84 /* DDAbstractDatabaseLogger.h */,
				94E9DFFF1E3EB9A3008A1F84 /* DDAbstractDatabaseLogger.m */,
				94E9E0001E3EB9A3008A1F84 /* DDASLLogger.h */,
				94E9E0011E3EB9A3008A1F84 /* DDASLLogger.m */,
				94E9E0021E3EB9A3008A1F84 /* DDFileLogger.h */,
				94E9E0031E3EB9A3008A1F84 /* DDFileLogger.m */,
				94E9E0041E3EB9A3008A1F84 /* DDLog.h */,
				94E9E0051E3EB9A3008A1F84 /* DDLog.m */,
				94E9E0061E3EB9A3008A1F84 /* DDTTYLogger.h */,
				94E9E0071E3EB9A3008A1F84 /* DDTTYLogger.m */,
			);
			name = Lumberjack;
			path = Frameworks/Lumberjack;
			sourceTree = "<group>";
		};
		94E9E00E1E3EB9C7008A1F84 /* Extensions */ = {
			isa = PBXGroup;
			children = (
				94E9E00F1E3EB9E3008A1F84 /* ContextFilterLogFormatter.h */,
				94E9E0101E3EB9E3008A1F84 /* ContextFilterLogFormatter.m */,
				94E9E0111E3EB9E3008A1F84 /* DispatchQueueLogFormatter.h */,
				94E9E0121E3EB9E3008A1F84 /* DispatchQueueLogFormatter.m */,
			);
			name = Extensions;
			sourceTree = "<group>";
		};
		94E9E02D1E3EBF40008A1F84 /* Managers */ = {
			isa = PBXGroup;
			children = (
				B81BB50D1FFAEEEC00E2D8B3 /* Thunderstorm_Fireplace.swift */,
				9470D6DD1E5105A4009AA49A /* Recordings */,
				94CA1F631E4F94F8005A1053 /* Events */,
				949B0FBD1E46190A0092FFE5 /* Alarms */,
				949B0FBC1E4618470092FFE5 /* Watch */,
				94E9E0361E3ED484008A1F84 /* Hue */,
			);
			name = Managers;
			sourceTree = "<group>";
		};
		94E9E02E1E3EC446008A1F84 /* SBTimeLabel */ = {
			isa = PBXGroup;
			children = (
				94E9E02F1E3EC456008A1F84 /* SBTimeLabel.swift */,
			);
			name = SBTimeLabel;
			sourceTree = "<group>";
		};
		94E9E0361E3ED484008A1F84 /* Hue */ = {
			isa = PBXGroup;
			children = (
				94E9E04C1E3EE601008A1F84 /* HueConnectionManager.swift */,
				94E9E04E1E3F017A008A1F84 /* HueBridgeAuthenticationViewController.swift */,
				94E9E0501E3F01F0008A1F84 /* HueBridgeSelectionTableViewController.swift */,
			);
			name = Hue;
			sourceTree = "<group>";
		};
		CE9EDE0DBCC025329CC23A8E /* Frameworks */ = {
			isa = PBXGroup;
			children = (
				9470D6DB1E503BE5009AA49A /* AVFoundation.framework */,
				944BEABF1E465BC900C1BADA /* UserNotifications.framework */,
				946597761E454FFF00ED204C /* RTCoreData.framework */,
				94A7A5F21E404A3800A6D11D /* Gradient Animation */,
				94E9E02E1E3EC446008A1F84 /* SBTimeLabel */,
				94E9E00D1E3EB9A9008A1F84 /* Lumberjack */,
				94E9DFEF1E3EB289008A1F84 /* HueSDK_iOS.framework */,
				8D1D98B5C1B96E01AD9087F0 /* Pods_Ambit.framework */,
				CE6C22BBDAFC5924BDF0213A /* Pods_AmbitTests.framework */,
				2319D788B74C29BA42B4AB0E /* Pods_AmbitUITests.framework */,
			);
			name = Frameworks;
			sourceTree = "<group>";
		};
/* End PBXGroup section */

/* Begin PBXNativeTarget section */
		74B95EA11DFB735300B03661 /* Ambit */ = {
			isa = PBXNativeTarget;
			buildConfigurationList = 74B95ECD1DFB735400B03661 /* Build configuration list for PBXNativeTarget "Ambit" */;
			buildPhases = (
				56263F71728906B4B3740E77 /* [CP] Check Pods Manifest.lock */,
				74B95E9E1DFB735300B03661 /* Sources */,
				74B95E9F1DFB735300B03661 /* Frameworks */,
				74B95EA01DFB735300B03661 /* Resources */,
				DCCD342604F6B7266A45BBC5 /* [CP] Embed Pods Frameworks */,
				CF3DA7EDD634C7FEEDE53512 /* [CP] Copy Pods Resources */,
				74B95EE11DFB777F00B03661 /* ShellScript */,
				9416C5181E45924300267C85 /* Embed Watch Content */,
			);
			buildRules = (
			);
			dependencies = (
				9416C50F1E45924300267C85 /* PBXTargetDependency */,
			);
			name = Ambit;
			productName = Ambit;
			productReference = 74B95EA21DFB735300B03661 /* Ambit.app */;
			productType = "com.apple.product-type.application";
		};
		74B95EB81DFB735400B03661 /* AmbitTests */ = {
			isa = PBXNativeTarget;
			buildConfigurationList = 74B95ED01DFB735400B03661 /* Build configuration list for PBXNativeTarget "AmbitTests" */;
			buildPhases = (
				BBE8F46FB7FF75BBCA1D342A /* [CP] Check Pods Manifest.lock */,
				74B95EB51DFB735400B03661 /* Sources */,
				74B95EB61DFB735400B03661 /* Frameworks */,
				74B95EB71DFB735400B03661 /* Resources */,
				C8CC3C319DEB28BC09B64393 /* [CP] Embed Pods Frameworks */,
				D159ABF0A2324A8498ADBB00 /* [CP] Copy Pods Resources */,
			);
			buildRules = (
			);
			dependencies = (
				74B95EBB1DFB735400B03661 /* PBXTargetDependency */,
			);
			name = AmbitTests;
			productName = AmbitTests;
			productReference = 74B95EB91DFB735400B03661 /* AmbitTests.xctest */;
			productType = "com.apple.product-type.bundle.unit-test";
		};
		74B95EC31DFB735400B03661 /* AmbitUITests */ = {
			isa = PBXNativeTarget;
			buildConfigurationList = 74B95ED31DFB735400B03661 /* Build configuration list for PBXNativeTarget "AmbitUITests" */;
			buildPhases = (
				CCFC17E84D3430908AB36F3E /* [CP] Check Pods Manifest.lock */,
				74B95EC01DFB735400B03661 /* Sources */,
				74B95EC11DFB735400B03661 /* Frameworks */,
				74B95EC21DFB735400B03661 /* Resources */,
				9E21C465D774404424AE08FA /* [CP] Embed Pods Frameworks */,
				812C3B686B5517B5B06A5536 /* [CP] Copy Pods Resources */,
			);
			buildRules = (
			);
			dependencies = (
				74B95EC61DFB735400B03661 /* PBXTargetDependency */,
			);
			name = AmbitUITests;
			productName = AmbitUITests;
			productReference = 74B95EC41DFB735400B03661 /* AmbitUITests.xctest */;
			productType = "com.apple.product-type.bundle.ui-testing";
		};
		9416C4F51E45924200267C85 /* Watch */ = {
			isa = PBXNativeTarget;
			buildConfigurationList = 9416C5171E45924300267C85 /* Build configuration list for PBXNativeTarget "Watch" */;
			buildPhases = (
				9416C4F41E45924200267C85 /* Resources */,
				9416C5161E45924300267C85 /* Embed App Extensions */,
				3ECD67F6F17A10403B01C72E /* Frameworks */,
			);
			buildRules = (
			);
			dependencies = (
				9416C5051E45924300267C85 /* PBXTargetDependency */,
			);
			name = Watch;
			productName = Watch;
			productReference = 9416C4F61E45924200267C85 /* Watch.app */;
			productType = "com.apple.product-type.application.watchapp2";
		};
		9416C5011E45924300267C85 /* Watch Extension */ = {
			isa = PBXNativeTarget;
			buildConfigurationList = 9416C5151E45924300267C85 /* Build configuration list for PBXNativeTarget "Watch Extension" */;
			buildPhases = (
				9416C4FE1E45924300267C85 /* Sources */,
				9416C4FF1E45924300267C85 /* Frameworks */,
				9416C5001E45924300267C85 /* Resources */,
			);
			buildRules = (
			);
			dependencies = (
			);
			name = "Watch Extension";
			productName = "Watch Extension";
			productReference = 9416C5021E45924300267C85 /* Watch Extension.appex */;
			productType = "com.apple.product-type.watchkit2-extension";
		};
		949B0F841E4596A20092FFE5 /* TV */ = {
			isa = PBXNativeTarget;
			buildConfigurationList = 949B0FB01E4596A30092FFE5 /* Build configuration list for PBXNativeTarget "TV" */;
			buildPhases = (
				949B0F811E4596A20092FFE5 /* Sources */,
				949B0F821E4596A20092FFE5 /* Frameworks */,
				949B0F831E4596A20092FFE5 /* Resources */,
			);
			buildRules = (
			);
			dependencies = (
			);
			name = TV;
			productName = TV;
			productReference = 949B0F851E4596A20092FFE5 /* TV.app */;
			productType = "com.apple.product-type.application";
		};
		949B0F971E4596A20092FFE5 /* TVTests */ = {
			isa = PBXNativeTarget;
			buildConfigurationList = 949B0FB11E4596A30092FFE5 /* Build configuration list for PBXNativeTarget "TVTests" */;
			buildPhases = (
				949B0F941E4596A20092FFE5 /* Sources */,
				949B0F951E4596A20092FFE5 /* Frameworks */,
				949B0F961E4596A20092FFE5 /* Resources */,
			);
			buildRules = (
			);
			dependencies = (
				949B0F9A1E4596A30092FFE5 /* PBXTargetDependency */,
			);
			name = TVTests;
			productName = TVTests;
			productReference = 949B0F981E4596A20092FFE5 /* TVTests.xctest */;
			productType = "com.apple.product-type.bundle.unit-test";
		};
		949B0FA21E4596A30092FFE5 /* TVUITests */ = {
			isa = PBXNativeTarget;
			buildConfigurationList = 949B0FB21E4596A30092FFE5 /* Build configuration list for PBXNativeTarget "TVUITests" */;
			buildPhases = (
				949B0F9F1E4596A30092FFE5 /* Sources */,
				949B0FA01E4596A30092FFE5 /* Frameworks */,
				949B0FA11E4596A30092FFE5 /* Resources */,
			);
			buildRules = (
			);
			dependencies = (
				949B0FA51E4596A30092FFE5 /* PBXTargetDependency */,
			);
			name = TVUITests;
			productName = TVUITests;
			productReference = 949B0FA31E4596A30092FFE5 /* TVUITests.xctest */;
			productType = "com.apple.product-type.bundle.ui-testing";
		};
/* End PBXNativeTarget section */

/* Begin PBXProject section */
		74B95E9A1DFB735300B03661 /* Project object */ = {
			isa = PBXProject;
			attributes = {
				LastSwiftUpdateCheck = 0820;
				LastUpgradeCheck = 0800;
				ORGANIZATIONNAME = ryanphillipthomas;
				TargetAttributes = {
					74B95EA11DFB735300B03661 = {
						CreatedOnToolsVersion = 8.0;
						DevelopmentTeam = FS6KJ5XME6;
						LastSwiftMigration = 0820;
						ProvisioningStyle = Automatic;
						SystemCapabilities = {
							com.apple.BackgroundModes = {
								enabled = 1;
							};
						};
					};
					74B95EB81DFB735400B03661 = {
						CreatedOnToolsVersion = 8.0;
						ProvisioningStyle = Automatic;
						TestTargetID = 74B95EA11DFB735300B03661;
					};
					74B95EC31DFB735400B03661 = {
						CreatedOnToolsVersion = 8.0;
						ProvisioningStyle = Automatic;
						TestTargetID = 74B95EA11DFB735300B03661;
					};
					9416C4F51E45924200267C85 = {
						CreatedOnToolsVersion = 8.2.1;
						DevelopmentTeam = FS6KJ5XME6;
						ProvisioningStyle = Automatic;
					};
					9416C5011E45924300267C85 = {
						CreatedOnToolsVersion = 8.2.1;
						DevelopmentTeam = FS6KJ5XME6;
						ProvisioningStyle = Automatic;
					};
					949B0F841E4596A20092FFE5 = {
						CreatedOnToolsVersion = 8.2.1;
						DevelopmentTeam = FS6KJ5XME6;
						ProvisioningStyle = Automatic;
					};
					949B0F971E4596A20092FFE5 = {
						CreatedOnToolsVersion = 8.2.1;
						DevelopmentTeam = FS6KJ5XME6;
						ProvisioningStyle = Automatic;
						TestTargetID = 949B0F841E4596A20092FFE5;
					};
					949B0FA21E4596A30092FFE5 = {
						CreatedOnToolsVersion = 8.2.1;
						DevelopmentTeam = FS6KJ5XME6;
						ProvisioningStyle = Automatic;
						TestTargetID = 949B0F841E4596A20092FFE5;
					};
				};
			};
			buildConfigurationList = 74B95E9D1DFB735300B03661 /* Build configuration list for PBXProject "Ambit" */;
			compatibilityVersion = "Xcode 3.2";
			developmentRegion = English;
			hasScannedForEncodings = 0;
			knownRegions = (
				en,
				Base,
			);
			mainGroup = 74B95E991DFB735300B03661;
			productRefGroup = 74B95EA31DFB735300B03661 /* Products */;
			projectDirPath = "";
			projectRoot = "";
			targets = (
				74B95EA11DFB735300B03661 /* Ambit */,
				74B95EB81DFB735400B03661 /* AmbitTests */,
				74B95EC31DFB735400B03661 /* AmbitUITests */,
				9416C4F51E45924200267C85 /* Watch */,
				9416C5011E45924300267C85 /* Watch Extension */,
				949B0F841E4596A20092FFE5 /* TV */,
				949B0F971E4596A20092FFE5 /* TVTests */,
				949B0FA21E4596A30092FFE5 /* TVUITests */,
			);
		};
/* End PBXProject section */

/* Begin PBXResourcesBuildPhase section */
		74B95EA01DFB735300B03661 /* Resources */ = {
			isa = PBXResourcesBuildPhase;
			buildActionMask = 2147483647;
			files = (
				74B95EB31DFB735400B03661 /* LaunchScreen.storyboard in Resources */,
				B81BB5101FFAF37400E2D8B3 /* thunderstorm_fireplace.mp3 in Resources */,
				947D75471E41AA8000B69286 /* thunderstorm.mp3 in Resources */,
				948BB9AB1E46E2FA00185831 /* tickle.mp3 in Resources */,
				941436931E479B6E004B3430 /* 500.jpg in Resources */,
				B8A8C2292000B2D200483407 /* party.mp3 in Resources */,
				74B95EB01DFB735400B03661 /* Assets.xcassets in Resources */,
				74B95EAB1DFB735300B03661 /* Main.storyboard in Resources */,
				948BB9AA1E46E2FA00185831 /* bell.mp3 in Resources */,
			);
			runOnlyForDeploymentPostprocessing = 0;
		};
		74B95EB71DFB735400B03661 /* Resources */ = {
			isa = PBXResourcesBuildPhase;
			buildActionMask = 2147483647;
			files = (
			);
			runOnlyForDeploymentPostprocessing = 0;
		};
		74B95EC21DFB735400B03661 /* Resources */ = {
			isa = PBXResourcesBuildPhase;
			buildActionMask = 2147483647;
			files = (
			);
			runOnlyForDeploymentPostprocessing = 0;
		};
		9416C4F41E45924200267C85 /* Resources */ = {
			isa = PBXResourcesBuildPhase;
			buildActionMask = 2147483647;
			files = (
				9416C4FC1E45924300267C85 /* Assets.xcassets in Resources */,
				9416C4FA1E45924300267C85 /* Interface.storyboard in Resources */,
			);
			runOnlyForDeploymentPostprocessing = 0;
		};
		9416C5001E45924300267C85 /* Resources */ = {
			isa = PBXResourcesBuildPhase;
			buildActionMask = 2147483647;
			files = (
				9416C50C1E45924300267C85 /* Assets.xcassets in Resources */,
				94E061BD1E46493100206DF0 /* PushNotificationPayload.apns in Resources */,
			);
			runOnlyForDeploymentPostprocessing = 0;
		};
		949B0F831E4596A20092FFE5 /* Resources */ = {
			isa = PBXResourcesBuildPhase;
			buildActionMask = 2147483647;
			files = (
				949B0F921E4596A20092FFE5 /* Assets.xcassets in Resources */,
				949B0F901E4596A20092FFE5 /* Main.storyboard in Resources */,
			);
			runOnlyForDeploymentPostprocessing = 0;
		};
		949B0F961E4596A20092FFE5 /* Resources */ = {
			isa = PBXResourcesBuildPhase;
			buildActionMask = 2147483647;
			files = (
			);
			runOnlyForDeploymentPostprocessing = 0;
		};
		949B0FA11E4596A30092FFE5 /* Resources */ = {
			isa = PBXResourcesBuildPhase;
			buildActionMask = 2147483647;
			files = (
			);
			runOnlyForDeploymentPostprocessing = 0;
		};
/* End PBXResourcesBuildPhase section */

/* Begin PBXShellScriptBuildPhase section */
		56263F71728906B4B3740E77 /* [CP] Check Pods Manifest.lock */ = {
			isa = PBXShellScriptBuildPhase;
			buildActionMask = 2147483647;
			files = (
			);
			inputPaths = (
				"${PODS_PODFILE_DIR_PATH}/Podfile.lock",
				"${PODS_ROOT}/Manifest.lock",
			);
			name = "[CP] Check Pods Manifest.lock";
			outputPaths = (
				"$(DERIVED_FILE_DIR)/Pods-Ambit-checkManifestLockResult.txt",
			);
			runOnlyForDeploymentPostprocessing = 0;
			shellPath = /bin/sh;
			shellScript = "diff \"${PODS_PODFILE_DIR_PATH}/Podfile.lock\" \"${PODS_ROOT}/Manifest.lock\" > /dev/null\nif [ $? != 0 ] ; then\n    # print error to STDERR\n    echo \"error: The sandbox is not in sync with the Podfile.lock. Run 'pod install' or update your CocoaPods installation.\" >&2\n    exit 1\nfi\n# This output is used by Xcode 'outputs' to avoid re-running this script phase.\necho \"SUCCESS\" > \"${SCRIPT_OUTPUT_FILE_0}\"\n";
			showEnvVarsInLog = 0;
		};
		74B95EE11DFB777F00B03661 /* ShellScript */ = {
			isa = PBXShellScriptBuildPhase;
			buildActionMask = 2147483647;
			files = (
			);
			inputPaths = (
				"$(SRCROOT)/Carthage/Build/iOS/RTCoreData.framework",
			);
			outputPaths = (
			);
			runOnlyForDeploymentPostprocessing = 0;
			shellPath = /bin/sh;
			shellScript = "/usr/local/bin/carthage copy-frameworks\n";
		};
		812C3B686B5517B5B06A5536 /* [CP] Copy Pods Resources */ = {
			isa = PBXShellScriptBuildPhase;
			buildActionMask = 2147483647;
			files = (
			);
			inputPaths = (
			);
			name = "[CP] Copy Pods Resources";
			outputPaths = (
			);
			runOnlyForDeploymentPostprocessing = 0;
			shellPath = /bin/sh;
			shellScript = "\"${SRCROOT}/Pods/Target Support Files/Pods-AmbitUITests/Pods-AmbitUITests-resources.sh\"\n";
			showEnvVarsInLog = 0;
		};
		9E21C465D774404424AE08FA /* [CP] Embed Pods Frameworks */ = {
			isa = PBXShellScriptBuildPhase;
			buildActionMask = 2147483647;
			files = (
			);
			inputPaths = (
				"${SRCROOT}/Pods/Target Support Files/Pods-AmbitUITests/Pods-AmbitUITests-frameworks.sh",
				"${BUILT_PRODUCTS_DIR}/AudioPlayerSwift/AudioPlayer.framework",
				"${BUILT_PRODUCTS_DIR}/GLTimeline/GLTimeline.framework",
				"${BUILT_PRODUCTS_DIR}/Spring/Spring.framework",
			);
			name = "[CP] Embed Pods Frameworks";
			outputPaths = (
				"${TARGET_BUILD_DIR}/${FRAMEWORKS_FOLDER_PATH}/AudioPlayer.framework",
				"${TARGET_BUILD_DIR}/${FRAMEWORKS_FOLDER_PATH}/GLTimeline.framework",
				"${TARGET_BUILD_DIR}/${FRAMEWORKS_FOLDER_PATH}/Spring.framework",
			);
			runOnlyForDeploymentPostprocessing = 0;
			shellPath = /bin/sh;
			shellScript = "\"${SRCROOT}/Pods/Target Support Files/Pods-AmbitUITests/Pods-AmbitUITests-frameworks.sh\"\n";
			showEnvVarsInLog = 0;
		};
		BBE8F46FB7FF75BBCA1D342A /* [CP] Check Pods Manifest.lock */ = {
			isa = PBXShellScriptBuildPhase;
			buildActionMask = 2147483647;
			files = (
			);
			inputPaths = (
				"${PODS_PODFILE_DIR_PATH}/Podfile.lock",
				"${PODS_ROOT}/Manifest.lock",
			);
			name = "[CP] Check Pods Manifest.lock";
			outputPaths = (
				"$(DERIVED_FILE_DIR)/Pods-AmbitTests-checkManifestLockResult.txt",
			);
			runOnlyForDeploymentPostprocessing = 0;
			shellPath = /bin/sh;
			shellScript = "diff \"${PODS_PODFILE_DIR_PATH}/Podfile.lock\" \"${PODS_ROOT}/Manifest.lock\" > /dev/null\nif [ $? != 0 ] ; then\n    # print error to STDERR\n    echo \"error: The sandbox is not in sync with the Podfile.lock. Run 'pod install' or update your CocoaPods installation.\" >&2\n    exit 1\nfi\n# This output is used by Xcode 'outputs' to avoid re-running this script phase.\necho \"SUCCESS\" > \"${SCRIPT_OUTPUT_FILE_0}\"\n";
			showEnvVarsInLog = 0;
		};
		C8CC3C319DEB28BC09B64393 /* [CP] Embed Pods Frameworks */ = {
			isa = PBXShellScriptBuildPhase;
			buildActionMask = 2147483647;
			files = (
			);
			inputPaths = (
				"${SRCROOT}/Pods/Target Support Files/Pods-AmbitTests/Pods-AmbitTests-frameworks.sh",
				"${BUILT_PRODUCTS_DIR}/AudioPlayerSwift/AudioPlayer.framework",
				"${BUILT_PRODUCTS_DIR}/GLTimeline/GLTimeline.framework",
				"${BUILT_PRODUCTS_DIR}/Spring/Spring.framework",
			);
			name = "[CP] Embed Pods Frameworks";
			outputPaths = (
				"${TARGET_BUILD_DIR}/${FRAMEWORKS_FOLDER_PATH}/AudioPlayer.framework",
				"${TARGET_BUILD_DIR}/${FRAMEWORKS_FOLDER_PATH}/GLTimeline.framework",
				"${TARGET_BUILD_DIR}/${FRAMEWORKS_FOLDER_PATH}/Spring.framework",
			);
			runOnlyForDeploymentPostprocessing = 0;
			shellPath = /bin/sh;
			shellScript = "\"${SRCROOT}/Pods/Target Support Files/Pods-AmbitTests/Pods-AmbitTests-frameworks.sh\"\n";
			showEnvVarsInLog = 0;
		};
		CCFC17E84D3430908AB36F3E /* [CP] Check Pods Manifest.lock */ = {
			isa = PBXShellScriptBuildPhase;
			buildActionMask = 2147483647;
			files = (
			);
			inputPaths = (
				"${PODS_PODFILE_DIR_PATH}/Podfile.lock",
				"${PODS_ROOT}/Manifest.lock",
			);
			name = "[CP] Check Pods Manifest.lock";
			outputPaths = (
				"$(DERIVED_FILE_DIR)/Pods-AmbitUITests-checkManifestLockResult.txt",
			);
			runOnlyForDeploymentPostprocessing = 0;
			shellPath = /bin/sh;
			shellScript = "diff \"${PODS_PODFILE_DIR_PATH}/Podfile.lock\" \"${PODS_ROOT}/Manifest.lock\" > /dev/null\nif [ $? != 0 ] ; then\n    # print error to STDERR\n    echo \"error: The sandbox is not in sync with the Podfile.lock. Run 'pod install' or update your CocoaPods installation.\" >&2\n    exit 1\nfi\n# This output is used by Xcode 'outputs' to avoid re-running this script phase.\necho \"SUCCESS\" > \"${SCRIPT_OUTPUT_FILE_0}\"\n";
			showEnvVarsInLog = 0;
		};
		CF3DA7EDD634C7FEEDE53512 /* [CP] Copy Pods Resources */ = {
			isa = PBXShellScriptBuildPhase;
			buildActionMask = 2147483647;
			files = (
			);
			inputPaths = (
			);
			name = "[CP] Copy Pods Resources";
			outputPaths = (
			);
			runOnlyForDeploymentPostprocessing = 0;
			shellPath = /bin/sh;
			shellScript = "\"${SRCROOT}/Pods/Target Support Files/Pods-Ambit/Pods-Ambit-resources.sh\"\n";
			showEnvVarsInLog = 0;
		};
		D159ABF0A2324A8498ADBB00 /* [CP] Copy Pods Resources */ = {
			isa = PBXShellScriptBuildPhase;
			buildActionMask = 2147483647;
			files = (
			);
			inputPaths = (
			);
			name = "[CP] Copy Pods Resources";
			outputPaths = (
			);
			runOnlyForDeploymentPostprocessing = 0;
			shellPath = /bin/sh;
			shellScript = "\"${SRCROOT}/Pods/Target Support Files/Pods-AmbitTests/Pods-AmbitTests-resources.sh\"\n";
			showEnvVarsInLog = 0;
		};
		DCCD342604F6B7266A45BBC5 /* [CP] Embed Pods Frameworks */ = {
			isa = PBXShellScriptBuildPhase;
			buildActionMask = 2147483647;
			files = (
			);
			inputPaths = (
				"${SRCROOT}/Pods/Target Support Files/Pods-Ambit/Pods-Ambit-frameworks.sh",
				"${BUILT_PRODUCTS_DIR}/AudioPlayerSwift/AudioPlayer.framework",
				"${BUILT_PRODUCTS_DIR}/GLTimeline/GLTimeline.framework",
				"${BUILT_PRODUCTS_DIR}/Spring/Spring.framework",
			);
			name = "[CP] Embed Pods Frameworks";
			outputPaths = (
				"${TARGET_BUILD_DIR}/${FRAMEWORKS_FOLDER_PATH}/AudioPlayer.framework",
				"${TARGET_BUILD_DIR}/${FRAMEWORKS_FOLDER_PATH}/GLTimeline.framework",
				"${TARGET_BUILD_DIR}/${FRAMEWORKS_FOLDER_PATH}/Spring.framework",
			);
			runOnlyForDeploymentPostprocessing = 0;
			shellPath = /bin/sh;
			shellScript = "\"${SRCROOT}/Pods/Target Support Files/Pods-Ambit/Pods-Ambit-frameworks.sh\"\n";
			showEnvVarsInLog = 0;
		};
/* End PBXShellScriptBuildPhase section */

/* Begin PBXSourcesBuildPhase section */
		74B95E9E1DFB735300B03661 /* Sources */ = {
			isa = PBXSourcesBuildPhase;
			buildActionMask = 2147483647;
			files = (
				947D75451E41A16E00B69286 /* SoundsTableViewController.swift in Sources */,
				9470D6DF1E5105BD009AA49A /* RecorderManager.swift in Sources */,
				94E9E00B1E3EB9A3008A1F84 /* DDLog.m in Sources */,
				0AE8D92F1E5A463300023F0C /* EventOptionsViewController.swift in Sources */,
				94A7A5FA1E404A4E00A6D11D /* UIColor+Extension.swift in Sources */,
				94E9E04D1E3EE601008A1F84 /* HueConnectionManager.swift in Sources */,
				94E9E00C1E3EB9A3008A1F84 /* DDTTYLogger.m in Sources */,
				94E9E04F1E3F017A008A1F84 /* HueBridgeAuthenticationViewController.swift in Sources */,
				943F58DD1E46300B0068B8BF /* WatchSessionManager.swift in Sources */,
				94E9E00A1E3EB9A3008A1F84 /* DDFileLogger.m in Sources */,
				94E9E0301E3EC456008A1F84 /* SBTimeLabel.swift in Sources */,
				94CA1F651E4FAD1B005A1053 /* EventManager.swift in Sources */,
				94E9E0511E3F01F0008A1F84 /* HueBridgeSelectionTableViewController.swift in Sources */,
				948BB9AD1E477A8B00185831 /* AlarmScheduleManager.swift in Sources */,
				74B95EA81DFB735300B03661 /* ViewController.swift in Sources */,
				94CA1F621E4F8E51005A1053 /* Event.swift in Sources */,
				94E9E0141E3EB9E3008A1F84 /* DispatchQueueLogFormatter.m in Sources */,
				947D75411E41804C00B69286 /* AlarmOptionsTableViewController.swift in Sources */,
				9480E5241E44447D00E094F3 /* Alarm.swift in Sources */,
				947F47001E4364F70047CD4C /* AmbitConstants.swift in Sources */,
				B8E7EA962001AC2400B5B6D1 /* PreferencesTableViewController.swift in Sources */,
				0A6E17C01E5A54A50081CB29 /* LightsOptionsViewController.swift in Sources */,
				946597791E4567F400ED204C /* LaunchScreenViewController.swift in Sources */,
				94B7C01B1E4F88C2002E0CBA /* EventTableViewCell.swift in Sources */,
				B8E7EA982001BC9900B5B6D1 /* PreferencesTableViewCell.swift in Sources */,
				947D75431E418A5E00B69286 /* BlurTableViewCell.swift in Sources */,
				0A6E17C21E5A54BD0081CB29 /* WatchOptionsViewController.swift in Sources */,
				94E9E0341E3ECA97008A1F84 /* Helpers.swift in Sources */,
				94A7A5F71E404A4E00A6D11D /* CALayer+Extension.swift in Sources */,
				94E9E0081E3EB9A3008A1F84 /* DDAbstractDatabaseLogger.m in Sources */,
				B81BB50E1FFAEEEC00E2D8B3 /* Thunderstorm_Fireplace.swift in Sources */,
				74B95EA61DFB735300B03661 /* AppDelegate.swift in Sources */,
				94E9E0091E3EB9A3008A1F84 /* DDASLLogger.m in Sources */,
				9480E5221E44433400E094F3 /* Model.xcdatamodeld in Sources */,
				94A7A5F81E404A4E00A6D11D /* ColorConstant.swift in Sources */,
				94A7A5F91E404A4E00A6D11D /* GradientHandler.swift in Sources */,
				94A7A5FC1E40664E00A6D11D /* Utilities.swift in Sources */,
				94E9E0131E3EB9E3008A1F84 /* ContextFilterLogFormatter.m in Sources */,
			);
			runOnlyForDeploymentPostprocessing = 0;
		};
		74B95EB51DFB735400B03661 /* Sources */ = {
			isa = PBXSourcesBuildPhase;
			buildActionMask = 2147483647;
			files = (
				74B95EBE1DFB735400B03661 /* AmbitTests.swift in Sources */,
			);
			runOnlyForDeploymentPostprocessing = 0;
		};
		74B95EC01DFB735400B03661 /* Sources */ = {
			isa = PBXSourcesBuildPhase;
			buildActionMask = 2147483647;
			files = (
				74B95EC91DFB735400B03661 /* AmbitUITests.swift in Sources */,
			);
			runOnlyForDeploymentPostprocessing = 0;
		};
		9416C4FE1E45924300267C85 /* Sources */ = {
			isa = PBXSourcesBuildPhase;
			buildActionMask = 2147483647;
			files = (
				94E061BF1E464CCC00206DF0 /* WNotificationController.swift in Sources */,
				94E061BC1E46493100206DF0 /* NotificationController.swift in Sources */,
				9416C50A1E45924300267C85 /* ExtensionDelegate.swift in Sources */,
				94596FE61E46201800C04E17 /* DataSource.swift in Sources */,
				943F58DF1E4630140068B8BF /* WatchSessionManager.swift in Sources */,
				9416C5081E45924300267C85 /* InterfaceController.swift in Sources */,
			);
			runOnlyForDeploymentPostprocessing = 0;
		};
		949B0F811E4596A20092FFE5 /* Sources */ = {
			isa = PBXSourcesBuildPhase;
			buildActionMask = 2147483647;
			files = (
				949B0F8A1E4596A20092FFE5 /* ViewController.swift in Sources */,
				949B0F8D1E4596A20092FFE5 /* TV.xcdatamodeld in Sources */,
				949B0F881E4596A20092FFE5 /* AppDelegate.swift in Sources */,
				949B0FB51E45A74A0092FFE5 /* CALayer+Extension.swift in Sources */,
				949B0FB41E45A4670092FFE5 /* Helpers.swift in Sources */,
				949B0FB61E45A74A0092FFE5 /* ColorConstant.swift in Sources */,
				949B0FB71E45A74A0092FFE5 /* GradientHandler.swift in Sources */,
				0A119D8F1E5AB86200E318AF /* SBTimeLabel.swift in Sources */,
				949B0FB81E45A74A0092FFE5 /* UIColor+Extension.swift in Sources */,
			);
			runOnlyForDeploymentPostprocessing = 0;
		};
		949B0F941E4596A20092FFE5 /* Sources */ = {
			isa = PBXSourcesBuildPhase;
			buildActionMask = 2147483647;
			files = (
				949B0F9D1E4596A30092FFE5 /* TVTests.swift in Sources */,
			);
			runOnlyForDeploymentPostprocessing = 0;
		};
		949B0F9F1E4596A30092FFE5 /* Sources */ = {
			isa = PBXSourcesBuildPhase;
			buildActionMask = 2147483647;
			files = (
				949B0FA81E4596A30092FFE5 /* TVUITests.swift in Sources */,
			);
			runOnlyForDeploymentPostprocessing = 0;
		};
/* End PBXSourcesBuildPhase section */

/* Begin PBXTargetDependency section */
		74B95EBB1DFB735400B03661 /* PBXTargetDependency */ = {
			isa = PBXTargetDependency;
			target = 74B95EA11DFB735300B03661 /* Ambit */;
			targetProxy = 74B95EBA1DFB735400B03661 /* PBXContainerItemProxy */;
		};
		74B95EC61DFB735400B03661 /* PBXTargetDependency */ = {
			isa = PBXTargetDependency;
			target = 74B95EA11DFB735300B03661 /* Ambit */;
			targetProxy = 74B95EC51DFB735400B03661 /* PBXContainerItemProxy */;
		};
		9416C5051E45924300267C85 /* PBXTargetDependency */ = {
			isa = PBXTargetDependency;
			target = 9416C5011E45924300267C85 /* Watch Extension */;
			targetProxy = 9416C5041E45924300267C85 /* PBXContainerItemProxy */;
		};
		9416C50F1E45924300267C85 /* PBXTargetDependency */ = {
			isa = PBXTargetDependency;
			target = 9416C4F51E45924200267C85 /* Watch */;
			targetProxy = 9416C50E1E45924300267C85 /* PBXContainerItemProxy */;
		};
		949B0F9A1E4596A30092FFE5 /* PBXTargetDependency */ = {
			isa = PBXTargetDependency;
			target = 949B0F841E4596A20092FFE5 /* TV */;
			targetProxy = 949B0F991E4596A30092FFE5 /* PBXContainerItemProxy */;
		};
		949B0FA51E4596A30092FFE5 /* PBXTargetDependency */ = {
			isa = PBXTargetDependency;
			target = 949B0F841E4596A20092FFE5 /* TV */;
			targetProxy = 949B0FA41E4596A30092FFE5 /* PBXContainerItemProxy */;
		};
/* End PBXTargetDependency section */

/* Begin PBXVariantGroup section */
		74B95EA91DFB735300B03661 /* Main.storyboard */ = {
			isa = PBXVariantGroup;
			children = (
				74B95EAA1DFB735300B03661 /* Base */,
			);
			name = Main.storyboard;
			sourceTree = "<group>";
		};
		74B95EB11DFB735400B03661 /* LaunchScreen.storyboard */ = {
			isa = PBXVariantGroup;
			children = (
				74B95EB21DFB735400B03661 /* Base */,
			);
			name = LaunchScreen.storyboard;
			sourceTree = "<group>";
		};
		9416C4F81E45924300267C85 /* Interface.storyboard */ = {
			isa = PBXVariantGroup;
			children = (
				9416C4F91E45924300267C85 /* Base */,
			);
			name = Interface.storyboard;
			sourceTree = "<group>";
		};
		949B0F8E1E4596A20092FFE5 /* Main.storyboard */ = {
			isa = PBXVariantGroup;
			children = (
				949B0F8F1E4596A20092FFE5 /* Base */,
			);
			name = Main.storyboard;
			sourceTree = "<group>";
		};
/* End PBXVariantGroup section */

/* Begin XCBuildConfiguration section */
		74B95ECB1DFB735400B03661 /* Debug */ = {
			isa = XCBuildConfiguration;
			buildSettings = {
				ALWAYS_SEARCH_USER_PATHS = NO;
				CLANG_ANALYZER_NONNULL = YES;
				CLANG_CXX_LANGUAGE_STANDARD = "gnu++0x";
				CLANG_CXX_LIBRARY = "libc++";
				CLANG_ENABLE_MODULES = YES;
				CLANG_ENABLE_OBJC_ARC = YES;
				CLANG_WARN_BOOL_CONVERSION = YES;
				CLANG_WARN_CONSTANT_CONVERSION = YES;
				CLANG_WARN_DIRECT_OBJC_ISA_USAGE = YES_ERROR;
				CLANG_WARN_DOCUMENTATION_COMMENTS = YES;
				CLANG_WARN_EMPTY_BODY = YES;
				CLANG_WARN_ENUM_CONVERSION = YES;
				CLANG_WARN_INFINITE_RECURSION = YES;
				CLANG_WARN_INT_CONVERSION = YES;
				CLANG_WARN_OBJC_ROOT_CLASS = YES_ERROR;
				CLANG_WARN_SUSPICIOUS_MOVES = YES;
				CLANG_WARN_UNREACHABLE_CODE = YES;
				CLANG_WARN__DUPLICATE_METHOD_MATCH = YES;
				"CODE_SIGN_IDENTITY[sdk=iphoneos*]" = "iPhone Developer";
				COPY_PHASE_STRIP = NO;
				DEBUG_INFORMATION_FORMAT = dwarf;
				ENABLE_STRICT_OBJC_MSGSEND = YES;
				ENABLE_TESTABILITY = YES;
				GCC_C_LANGUAGE_STANDARD = gnu99;
				GCC_DYNAMIC_NO_PIC = NO;
				GCC_NO_COMMON_BLOCKS = YES;
				GCC_OPTIMIZATION_LEVEL = 0;
				GCC_PREPROCESSOR_DEFINITIONS = (
					"DEBUG=1",
					"$(inherited)",
				);
				GCC_WARN_64_TO_32_BIT_CONVERSION = YES;
				GCC_WARN_ABOUT_RETURN_TYPE = YES_ERROR;
				GCC_WARN_UNDECLARED_SELECTOR = YES;
				GCC_WARN_UNINITIALIZED_AUTOS = YES_AGGRESSIVE;
				GCC_WARN_UNUSED_FUNCTION = YES;
				GCC_WARN_UNUSED_VARIABLE = YES;
				IPHONEOS_DEPLOYMENT_TARGET = 10.0;
				MTL_ENABLE_DEBUG_INFO = YES;
				ONLY_ACTIVE_ARCH = YES;
				SDKROOT = iphoneos;
				SWIFT_ACTIVE_COMPILATION_CONDITIONS = DEBUG;
				SWIFT_OPTIMIZATION_LEVEL = "-Onone";
				TARGETED_DEVICE_FAMILY = "1,2";
			};
			name = Debug;
		};
		74B95ECC1DFB735400B03661 /* Release */ = {
			isa = XCBuildConfiguration;
			buildSettings = {
				ALWAYS_SEARCH_USER_PATHS = NO;
				CLANG_ANALYZER_NONNULL = YES;
				CLANG_CXX_LANGUAGE_STANDARD = "gnu++0x";
				CLANG_CXX_LIBRARY = "libc++";
				CLANG_ENABLE_MODULES = YES;
				CLANG_ENABLE_OBJC_ARC = YES;
				CLANG_WARN_BOOL_CONVERSION = YES;
				CLANG_WARN_CONSTANT_CONVERSION = YES;
				CLANG_WARN_DIRECT_OBJC_ISA_USAGE = YES_ERROR;
				CLANG_WARN_DOCUMENTATION_COMMENTS = YES;
				CLANG_WARN_EMPTY_BODY = YES;
				CLANG_WARN_ENUM_CONVERSION = YES;
				CLANG_WARN_INFINITE_RECURSION = YES;
				CLANG_WARN_INT_CONVERSION = YES;
				CLANG_WARN_OBJC_ROOT_CLASS = YES_ERROR;
				CLANG_WARN_SUSPICIOUS_MOVES = YES;
				CLANG_WARN_UNREACHABLE_CODE = YES;
				CLANG_WARN__DUPLICATE_METHOD_MATCH = YES;
				"CODE_SIGN_IDENTITY[sdk=iphoneos*]" = "iPhone Developer";
				COPY_PHASE_STRIP = NO;
				DEBUG_INFORMATION_FORMAT = "dwarf-with-dsym";
				ENABLE_NS_ASSERTIONS = NO;
				ENABLE_STRICT_OBJC_MSGSEND = YES;
				GCC_C_LANGUAGE_STANDARD = gnu99;
				GCC_NO_COMMON_BLOCKS = YES;
				GCC_WARN_64_TO_32_BIT_CONVERSION = YES;
				GCC_WARN_ABOUT_RETURN_TYPE = YES_ERROR;
				GCC_WARN_UNDECLARED_SELECTOR = YES;
				GCC_WARN_UNINITIALIZED_AUTOS = YES_AGGRESSIVE;
				GCC_WARN_UNUSED_FUNCTION = YES;
				GCC_WARN_UNUSED_VARIABLE = YES;
				IPHONEOS_DEPLOYMENT_TARGET = 10.0;
				MTL_ENABLE_DEBUG_INFO = NO;
				SDKROOT = iphoneos;
				SWIFT_OPTIMIZATION_LEVEL = "-Owholemodule";
				TARGETED_DEVICE_FAMILY = "1,2";
				VALIDATE_PRODUCT = YES;
			};
			name = Release;
		};
		74B95ECE1DFB735400B03661 /* Debug */ = {
			isa = XCBuildConfiguration;
			baseConfigurationReference = BA9763449EA3A0DDA78CB88D /* Pods-Ambit.debug.xcconfig */;
			buildSettings = {
				ASSETCATALOG_COMPILER_APPICON_NAME = AppIcon;
				CLANG_ENABLE_MODULES = YES;
				DEVELOPMENT_TEAM = FS6KJ5XME6;
				FRAMEWORK_SEARCH_PATHS = (
					"$(inherited)",
					"$(PROJECT_DIR)/Carthage/Build/iOS",
					"$(PROJECT_DIR)/Frameworks/Hue",
				);
				INFOPLIST_FILE = Ambit/Info.plist;
				LD_RUNPATH_SEARCH_PATHS = "$(inherited) @executable_path/Frameworks";
				PRODUCT_BUNDLE_IDENTIFIER = com.ryanphillipthomas.ambit;
				PRODUCT_NAME = "$(TARGET_NAME)";
				SWIFT_OBJC_BRIDGING_HEADER = "Ambit-Bridging-Header.h";
				SWIFT_OPTIMIZATION_LEVEL = "-Onone";
				SWIFT_VERSION = 3.0;
			};
			name = Debug;
		};
		74B95ECF1DFB735400B03661 /* Release */ = {
			isa = XCBuildConfiguration;
			baseConfigurationReference = 991816760E467C08DD5B0369 /* Pods-Ambit.release.xcconfig */;
			buildSettings = {
				ASSETCATALOG_COMPILER_APPICON_NAME = AppIcon;
				CLANG_ENABLE_MODULES = YES;
				DEVELOPMENT_TEAM = FS6KJ5XME6;
				FRAMEWORK_SEARCH_PATHS = (
					"$(inherited)",
					"$(PROJECT_DIR)/Carthage/Build/iOS",
					"$(PROJECT_DIR)/Frameworks/Hue",
				);
				INFOPLIST_FILE = Ambit/Info.plist;
				LD_RUNPATH_SEARCH_PATHS = "$(inherited) @executable_path/Frameworks";
				PRODUCT_BUNDLE_IDENTIFIER = com.ryanphillipthomas.ambit;
				PRODUCT_NAME = "$(TARGET_NAME)";
				SWIFT_OBJC_BRIDGING_HEADER = "Ambit-Bridging-Header.h";
				SWIFT_VERSION = 3.0;
			};
			name = Release;
		};
		74B95ED11DFB735400B03661 /* Debug */ = {
			isa = XCBuildConfiguration;
			baseConfigurationReference = B621F7C1FBE7498AC652993E /* Pods-AmbitTests.debug.xcconfig */;
			buildSettings = {
				ALWAYS_EMBED_SWIFT_STANDARD_LIBRARIES = YES;
				BUNDLE_LOADER = "$(TEST_HOST)";
				INFOPLIST_FILE = AmbitTests/Info.plist;
				LD_RUNPATH_SEARCH_PATHS = "$(inherited) @executable_path/Frameworks @loader_path/Frameworks";
				PRODUCT_BUNDLE_IDENTIFIER = com.ryanphillipthomas.AmbitTests;
				PRODUCT_NAME = "$(TARGET_NAME)";
				SWIFT_VERSION = 3.0;
				TEST_HOST = "$(BUILT_PRODUCTS_DIR)/Ambit.app/Ambit";
			};
			name = Debug;
		};
		74B95ED21DFB735400B03661 /* Release */ = {
			isa = XCBuildConfiguration;
			baseConfigurationReference = 033CF1CC2D82D3B729580E99 /* Pods-AmbitTests.release.xcconfig */;
			buildSettings = {
				ALWAYS_EMBED_SWIFT_STANDARD_LIBRARIES = YES;
				BUNDLE_LOADER = "$(TEST_HOST)";
				INFOPLIST_FILE = AmbitTests/Info.plist;
				LD_RUNPATH_SEARCH_PATHS = "$(inherited) @executable_path/Frameworks @loader_path/Frameworks";
				PRODUCT_BUNDLE_IDENTIFIER = com.ryanphillipthomas.AmbitTests;
				PRODUCT_NAME = "$(TARGET_NAME)";
				SWIFT_VERSION = 3.0;
				TEST_HOST = "$(BUILT_PRODUCTS_DIR)/Ambit.app/Ambit";
			};
			name = Release;
		};
		74B95ED41DFB735400B03661 /* Debug */ = {
			isa = XCBuildConfiguration;
			baseConfigurationReference = DCCC85028A2B8F72C8D5DF16 /* Pods-AmbitUITests.debug.xcconfig */;
			buildSettings = {
				ALWAYS_EMBED_SWIFT_STANDARD_LIBRARIES = YES;
				INFOPLIST_FILE = AmbitUITests/Info.plist;
				LD_RUNPATH_SEARCH_PATHS = "$(inherited) @executable_path/Frameworks @loader_path/Frameworks";
				PRODUCT_BUNDLE_IDENTIFIER = com.ryanphillipthomas.AmbitUITests;
				PRODUCT_NAME = "$(TARGET_NAME)";
				SWIFT_VERSION = 3.0;
				TEST_TARGET_NAME = Ambit;
			};
			name = Debug;
		};
		74B95ED51DFB735400B03661 /* Release */ = {
			isa = XCBuildConfiguration;
			baseConfigurationReference = 860CA7B9B603DA8CBF490151 /* Pods-AmbitUITests.release.xcconfig */;
			buildSettings = {
				ALWAYS_EMBED_SWIFT_STANDARD_LIBRARIES = YES;
				INFOPLIST_FILE = AmbitUITests/Info.plist;
				LD_RUNPATH_SEARCH_PATHS = "$(inherited) @executable_path/Frameworks @loader_path/Frameworks";
				PRODUCT_BUNDLE_IDENTIFIER = com.ryanphillipthomas.AmbitUITests;
				PRODUCT_NAME = "$(TARGET_NAME)";
				SWIFT_VERSION = 3.0;
				TEST_TARGET_NAME = Ambit;
			};
			name = Release;
		};
		9416C5111E45924300267C85 /* Debug */ = {
			isa = XCBuildConfiguration;
			buildSettings = {
				ALWAYS_EMBED_SWIFT_STANDARD_LIBRARIES = YES;
				ASSETCATALOG_COMPILER_APPICON_NAME = AppIcon;
				CLANG_WARN_SUSPICIOUS_MOVE = YES;
				DEVELOPMENT_TEAM = FS6KJ5XME6;
				IBSC_MODULE = Watch_Extension;
				INFOPLIST_FILE = Watch/Info.plist;
				PRODUCT_BUNDLE_IDENTIFIER = com.ryanphillipthomas.ambit.watchkitapp;
				PRODUCT_NAME = "$(TARGET_NAME)";
				SDKROOT = watchos;
				SKIP_INSTALL = YES;
				SWIFT_VERSION = 3.0;
				TARGETED_DEVICE_FAMILY = 4;
				WATCHOS_DEPLOYMENT_TARGET = 3.1;
			};
			name = Debug;
		};
		9416C5121E45924300267C85 /* Release */ = {
			isa = XCBuildConfiguration;
			buildSettings = {
				ALWAYS_EMBED_SWIFT_STANDARD_LIBRARIES = YES;
				ASSETCATALOG_COMPILER_APPICON_NAME = AppIcon;
				CLANG_WARN_SUSPICIOUS_MOVE = YES;
				DEVELOPMENT_TEAM = FS6KJ5XME6;
				IBSC_MODULE = Watch_Extension;
				INFOPLIST_FILE = Watch/Info.plist;
				PRODUCT_BUNDLE_IDENTIFIER = com.ryanphillipthomas.ambit.watchkitapp;
				PRODUCT_NAME = "$(TARGET_NAME)";
				SDKROOT = watchos;
				SKIP_INSTALL = YES;
				SWIFT_VERSION = 3.0;
				TARGETED_DEVICE_FAMILY = 4;
				WATCHOS_DEPLOYMENT_TARGET = 3.1;
			};
			name = Release;
		};
		9416C5131E45924300267C85 /* Debug */ = {
			isa = XCBuildConfiguration;
			buildSettings = {
				ASSETCATALOG_COMPILER_COMPLICATION_NAME = Complication;
				CLANG_WARN_SUSPICIOUS_MOVE = YES;
				DEVELOPMENT_TEAM = FS6KJ5XME6;
				INFOPLIST_FILE = "Watch Extension/Info.plist";
				LD_RUNPATH_SEARCH_PATHS = "$(inherited) @executable_path/Frameworks @executable_path/../../Frameworks";
				PRODUCT_BUNDLE_IDENTIFIER = com.ryanphillipthomas.ambit.watchkitapp.watchkitextension;
				PRODUCT_NAME = "${TARGET_NAME}";
				SDKROOT = watchos;
				SKIP_INSTALL = YES;
				SWIFT_VERSION = 3.0;
				TARGETED_DEVICE_FAMILY = 4;
				WATCHOS_DEPLOYMENT_TARGET = 3.1;
			};
			name = Debug;
		};
		9416C5141E45924300267C85 /* Release */ = {
			isa = XCBuildConfiguration;
			buildSettings = {
				ASSETCATALOG_COMPILER_COMPLICATION_NAME = Complication;
				CLANG_WARN_SUSPICIOUS_MOVE = YES;
				DEVELOPMENT_TEAM = FS6KJ5XME6;
				INFOPLIST_FILE = "Watch Extension/Info.plist";
				LD_RUNPATH_SEARCH_PATHS = "$(inherited) @executable_path/Frameworks @executable_path/../../Frameworks";
				PRODUCT_BUNDLE_IDENTIFIER = com.ryanphillipthomas.ambit.watchkitapp.watchkitextension;
				PRODUCT_NAME = "${TARGET_NAME}";
				SDKROOT = watchos;
				SKIP_INSTALL = YES;
				SWIFT_VERSION = 3.0;
				TARGETED_DEVICE_FAMILY = 4;
				WATCHOS_DEPLOYMENT_TARGET = 3.1;
			};
			name = Release;
		};
		949B0FAA1E4596A30092FFE5 /* Debug */ = {
			isa = XCBuildConfiguration;
			buildSettings = {
				ASSETCATALOG_COMPILER_APPICON_NAME = "App Icon & Top Shelf Image";
				ASSETCATALOG_COMPILER_LAUNCHIMAGE_NAME = LaunchImage;
				CLANG_WARN_SUSPICIOUS_MOVE = YES;
				DEVELOPMENT_TEAM = FS6KJ5XME6;
				INFOPLIST_FILE = TV/Info.plist;
				LD_RUNPATH_SEARCH_PATHS = "$(inherited) @executable_path/Frameworks";
				PRODUCT_BUNDLE_IDENTIFIER = com.ryanphillipthomas.ambit;
				PRODUCT_NAME = "$(TARGET_NAME)";
				SDKROOT = appletvos;
				SWIFT_VERSION = 3.0;
				TARGETED_DEVICE_FAMILY = 3;
				TVOS_DEPLOYMENT_TARGET = 10.1;
			};
			name = Debug;
		};
		949B0FAB1E4596A30092FFE5 /* Release */ = {
			isa = XCBuildConfiguration;
			buildSettings = {
				ASSETCATALOG_COMPILER_APPICON_NAME = "App Icon & Top Shelf Image";
				ASSETCATALOG_COMPILER_LAUNCHIMAGE_NAME = LaunchImage;
				CLANG_WARN_SUSPICIOUS_MOVE = YES;
				DEVELOPMENT_TEAM = FS6KJ5XME6;
				INFOPLIST_FILE = TV/Info.plist;
				LD_RUNPATH_SEARCH_PATHS = "$(inherited) @executable_path/Frameworks";
				PRODUCT_BUNDLE_IDENTIFIER = com.ryanphillipthomas.ambit;
				PRODUCT_NAME = "$(TARGET_NAME)";
				SDKROOT = appletvos;
				SWIFT_VERSION = 3.0;
				TARGETED_DEVICE_FAMILY = 3;
				TVOS_DEPLOYMENT_TARGET = 10.1;
			};
			name = Release;
		};
		949B0FAC1E4596A30092FFE5 /* Debug */ = {
			isa = XCBuildConfiguration;
			buildSettings = {
				ALWAYS_EMBED_SWIFT_STANDARD_LIBRARIES = YES;
				BUNDLE_LOADER = "$(TEST_HOST)";
				CLANG_WARN_SUSPICIOUS_MOVE = YES;
				DEVELOPMENT_TEAM = FS6KJ5XME6;
				INFOPLIST_FILE = TVTests/Info.plist;
				LD_RUNPATH_SEARCH_PATHS = "$(inherited) @executable_path/Frameworks @loader_path/Frameworks";
				PRODUCT_BUNDLE_IDENTIFIER = ryanphillipthomas.ambit.tvos.TVTests;
				PRODUCT_NAME = "$(TARGET_NAME)";
				SDKROOT = appletvos;
				SWIFT_VERSION = 3.0;
				TEST_HOST = "$(BUILT_PRODUCTS_DIR)/TV.app/TV";
				TVOS_DEPLOYMENT_TARGET = 10.1;
			};
			name = Debug;
		};
		949B0FAD1E4596A30092FFE5 /* Release */ = {
			isa = XCBuildConfiguration;
			buildSettings = {
				ALWAYS_EMBED_SWIFT_STANDARD_LIBRARIES = YES;
				BUNDLE_LOADER = "$(TEST_HOST)";
				CLANG_WARN_SUSPICIOUS_MOVE = YES;
				DEVELOPMENT_TEAM = FS6KJ5XME6;
				INFOPLIST_FILE = TVTests/Info.plist;
				LD_RUNPATH_SEARCH_PATHS = "$(inherited) @executable_path/Frameworks @loader_path/Frameworks";
				PRODUCT_BUNDLE_IDENTIFIER = ryanphillipthomas.ambit.tvos.TVTests;
				PRODUCT_NAME = "$(TARGET_NAME)";
				SDKROOT = appletvos;
				SWIFT_VERSION = 3.0;
				TEST_HOST = "$(BUILT_PRODUCTS_DIR)/TV.app/TV";
				TVOS_DEPLOYMENT_TARGET = 10.1;
			};
			name = Release;
		};
		949B0FAE1E4596A30092FFE5 /* Debug */ = {
			isa = XCBuildConfiguration;
			buildSettings = {
				ALWAYS_EMBED_SWIFT_STANDARD_LIBRARIES = YES;
				CLANG_WARN_SUSPICIOUS_MOVE = YES;
				DEVELOPMENT_TEAM = FS6KJ5XME6;
				INFOPLIST_FILE = TVUITests/Info.plist;
				LD_RUNPATH_SEARCH_PATHS = "$(inherited) @executable_path/Frameworks @loader_path/Frameworks";
				PRODUCT_BUNDLE_IDENTIFIER = ryanphillipthomas.ambit.tvos.TVUITests;
				PRODUCT_NAME = "$(TARGET_NAME)";
				SDKROOT = appletvos;
				SWIFT_VERSION = 3.0;
				TEST_TARGET_NAME = TV;
				TVOS_DEPLOYMENT_TARGET = 10.1;
			};
			name = Debug;
		};
		949B0FAF1E4596A30092FFE5 /* Release */ = {
			isa = XCBuildConfiguration;
			buildSettings = {
				ALWAYS_EMBED_SWIFT_STANDARD_LIBRARIES = YES;
				CLANG_WARN_SUSPICIOUS_MOVE = YES;
				DEVELOPMENT_TEAM = FS6KJ5XME6;
				INFOPLIST_FILE = TVUITests/Info.plist;
				LD_RUNPATH_SEARCH_PATHS = "$(inherited) @executable_path/Frameworks @loader_path/Frameworks";
				PRODUCT_BUNDLE_IDENTIFIER = ryanphillipthomas.ambit.tvos.TVUITests;
				PRODUCT_NAME = "$(TARGET_NAME)";
				SDKROOT = appletvos;
				SWIFT_VERSION = 3.0;
				TEST_TARGET_NAME = TV;
				TVOS_DEPLOYMENT_TARGET = 10.1;
			};
			name = Release;
		};
/* End XCBuildConfiguration section */

/* Begin XCConfigurationList section */
		74B95E9D1DFB735300B03661 /* Build configuration list for PBXProject "Ambit" */ = {
			isa = XCConfigurationList;
			buildConfigurations = (
				74B95ECB1DFB735400B03661 /* Debug */,
				74B95ECC1DFB735400B03661 /* Release */,
			);
			defaultConfigurationIsVisible = 0;
			defaultConfigurationName = Release;
		};
		74B95ECD1DFB735400B03661 /* Build configuration list for PBXNativeTarget "Ambit" */ = {
			isa = XCConfigurationList;
			buildConfigurations = (
				74B95ECE1DFB735400B03661 /* Debug */,
				74B95ECF1DFB735400B03661 /* Release */,
			);
			defaultConfigurationIsVisible = 0;
			defaultConfigurationName = Release;
		};
		74B95ED01DFB735400B03661 /* Build configuration list for PBXNativeTarget "AmbitTests" */ = {
			isa = XCConfigurationList;
			buildConfigurations = (
				74B95ED11DFB735400B03661 /* Debug */,
				74B95ED21DFB735400B03661 /* Release */,
			);
			defaultConfigurationIsVisible = 0;
			defaultConfigurationName = Release;
		};
		74B95ED31DFB735400B03661 /* Build configuration list for PBXNativeTarget "AmbitUITests" */ = {
			isa = XCConfigurationList;
			buildConfigurations = (
				74B95ED41DFB735400B03661 /* Debug */,
				74B95ED51DFB735400B03661 /* Release */,
			);
			defaultConfigurationIsVisible = 0;
			defaultConfigurationName = Release;
		};
		9416C5151E45924300267C85 /* Build configuration list for PBXNativeTarget "Watch Extension" */ = {
			isa = XCConfigurationList;
			buildConfigurations = (
				9416C5131E45924300267C85 /* Debug */,
				9416C5141E45924300267C85 /* Release */,
			);
			defaultConfigurationIsVisible = 0;
			defaultConfigurationName = Release;
		};
		9416C5171E45924300267C85 /* Build configuration list for PBXNativeTarget "Watch" */ = {
			isa = XCConfigurationList;
			buildConfigurations = (
				9416C5111E45924300267C85 /* Debug */,
				9416C5121E45924300267C85 /* Release */,
			);
			defaultConfigurationIsVisible = 0;
			defaultConfigurationName = Release;
		};
		949B0FB01E4596A30092FFE5 /* Build configuration list for PBXNativeTarget "TV" */ = {
			isa = XCConfigurationList;
			buildConfigurations = (
				949B0FAA1E4596A30092FFE5 /* Debug */,
				949B0FAB1E4596A30092FFE5 /* Release */,
			);
			defaultConfigurationIsVisible = 0;
			defaultConfigurationName = Release;
		};
		949B0FB11E4596A30092FFE5 /* Build configuration list for PBXNativeTarget "TVTests" */ = {
			isa = XCConfigurationList;
			buildConfigurations = (
				949B0FAC1E4596A30092FFE5 /* Debug */,
				949B0FAD1E4596A30092FFE5 /* Release */,
			);
			defaultConfigurationIsVisible = 0;
			defaultConfigurationName = Release;
		};
		949B0FB21E4596A30092FFE5 /* Build configuration list for PBXNativeTarget "TVUITests" */ = {
			isa = XCConfigurationList;
			buildConfigurations = (
				949B0FAE1E4596A30092FFE5 /* Debug */,
				949B0FAF1E4596A30092FFE5 /* Release */,
			);
			defaultConfigurationIsVisible = 0;
			defaultConfigurationName = Release;
		};
/* End XCConfigurationList section */

/* Begin XCVersionGroup section */
		9480E5201E44433400E094F3 /* Model.xcdatamodeld */ = {
			isa = XCVersionGroup;
			children = (
				9480E5211E44433400E094F3 /* Model.xcdatamodel */,
			);
			currentVersion = 9480E5211E44433400E094F3 /* Model.xcdatamodel */;
			path = Model.xcdatamodeld;
			sourceTree = "<group>";
			versionGroupType = wrapper.xcdatamodel;
		};
		949B0F8B1E4596A20092FFE5 /* TV.xcdatamodeld */ = {
			isa = XCVersionGroup;
			children = (
				949B0F8C1E4596A20092FFE5 /* TV.xcdatamodel */,
			);
			currentVersion = 949B0F8C1E4596A20092FFE5 /* TV.xcdatamodel */;
			path = TV.xcdatamodeld;
			sourceTree = "<group>";
			versionGroupType = wrapper.xcdatamodel;
		};
/* End XCVersionGroup section */
	};
	rootObject = 74B95E9A1DFB735300B03661 /* Project object */;
}
