// !$*UTF8*$!
{
	archiveVersion = 1;
	classes = {
	};
	objectVersion = 46;
	objects = {

/* Begin PBXBuildFile section */
		08245F19D3676AE7711E18F2 /* Pods_SheetTests.framework in Frameworks */ = {isa = PBXBuildFile; fileRef = CE6C22BBDAFC5924BDF0213A /* Pods_SheetTests.framework */; };
		74B95EA61DFB735300B03661 /* AppDelegate.swift in Sources */ = {isa = PBXBuildFile; fileRef = 74B95EA51DFB735300B03661 /* AppDelegate.swift */; };
		74B95EA81DFB735300B03661 /* ViewController.swift in Sources */ = {isa = PBXBuildFile; fileRef = 74B95EA71DFB735300B03661 /* ViewController.swift */; };
		74B95EAB1DFB735300B03661 /* Main.storyboard in Resources */ = {isa = PBXBuildFile; fileRef = 74B95EA91DFB735300B03661 /* Main.storyboard */; };
		74B95EAE1DFB735400B03661 /* Sheet.xcdatamodeld in Sources */ = {isa = PBXBuildFile; fileRef = 74B95EAC1DFB735300B03661 /* Sheet.xcdatamodeld */; };
		74B95EB01DFB735400B03661 /* Assets.xcassets in Resources */ = {isa = PBXBuildFile; fileRef = 74B95EAF1DFB735400B03661 /* Assets.xcassets */; };
		74B95EB31DFB735400B03661 /* LaunchScreen.storyboard in Resources */ = {isa = PBXBuildFile; fileRef = 74B95EB11DFB735400B03661 /* LaunchScreen.storyboard */; };
		74B95EBE1DFB735400B03661 /* SheetTests.swift in Sources */ = {isa = PBXBuildFile; fileRef = 74B95EBD1DFB735400B03661 /* SheetTests.swift */; };
		74B95EC91DFB735400B03661 /* SheetUITests.swift in Sources */ = {isa = PBXBuildFile; fileRef = 74B95EC81DFB735400B03661 /* SheetUITests.swift */; };
		74B95EDE1DFB776D00B03661 /* RTCoreData.framework in Frameworks */ = {isa = PBXBuildFile; fileRef = 74B95EDD1DFB776D00B03661 /* RTCoreData.framework */; };
		7AD917DC8EDBDDA1852CD9CB /* Pods_Sheet.framework in Frameworks */ = {isa = PBXBuildFile; fileRef = 8D1D98B5C1B96E01AD9087F0 /* Pods_Sheet.framework */; };
		947D75411E41804C00B69286 /* AlarmOptionsTableViewController.swift in Sources */ = {isa = PBXBuildFile; fileRef = 947D75401E41804C00B69286 /* AlarmOptionsTableViewController.swift */; };
		947D75431E418A5E00B69286 /* BlurTableViewCell.swift in Sources */ = {isa = PBXBuildFile; fileRef = 947D75421E418A5E00B69286 /* BlurTableViewCell.swift */; };
		94A7A5F71E404A4E00A6D11D /* CALayer+Extension.swift in Sources */ = {isa = PBXBuildFile; fileRef = 94A7A5F31E404A4E00A6D11D /* CALayer+Extension.swift */; };
		94A7A5F81E404A4E00A6D11D /* ColorConstant.swift in Sources */ = {isa = PBXBuildFile; fileRef = 94A7A5F41E404A4E00A6D11D /* ColorConstant.swift */; };
		94A7A5F91E404A4E00A6D11D /* GradientHandler.swift in Sources */ = {isa = PBXBuildFile; fileRef = 94A7A5F51E404A4E00A6D11D /* GradientHandler.swift */; };
		94A7A5FA1E404A4E00A6D11D /* UIColor+Extension.swift in Sources */ = {isa = PBXBuildFile; fileRef = 94A7A5F61E404A4E00A6D11D /* UIColor+Extension.swift */; };
		94A7A5FC1E40664E00A6D11D /* Utilities.swift in Sources */ = {isa = PBXBuildFile; fileRef = 94A7A5FB1E40664E00A6D11D /* Utilities.swift */; };
		94E9DFF01E3EB289008A1F84 /* HueSDK_iOS.framework in Frameworks */ = {isa = PBXBuildFile; fileRef = 94E9DFEF1E3EB289008A1F84 /* HueSDK_iOS.framework */; };
		94E9E0081E3EB9A3008A1F84 /* DDAbstractDatabaseLogger.m in Sources */ = {isa = PBXBuildFile; fileRef = 94E9DFFF1E3EB9A3008A1F84 /* DDAbstractDatabaseLogger.m */; };
		94E9E0091E3EB9A3008A1F84 /* DDASLLogger.m in Sources */ = {isa = PBXBuildFile; fileRef = 94E9E0011E3EB9A3008A1F84 /* DDASLLogger.m */; };
		94E9E00A1E3EB9A3008A1F84 /* DDFileLogger.m in Sources */ = {isa = PBXBuildFile; fileRef = 94E9E0031E3EB9A3008A1F84 /* DDFileLogger.m */; };
		94E9E00B1E3EB9A3008A1F84 /* DDLog.m in Sources */ = {isa = PBXBuildFile; fileRef = 94E9E0051E3EB9A3008A1F84 /* DDLog.m */; };
		94E9E00C1E3EB9A3008A1F84 /* DDTTYLogger.m in Sources */ = {isa = PBXBuildFile; fileRef = 94E9E0071E3EB9A3008A1F84 /* DDTTYLogger.m */; };
		94E9E0131E3EB9E3008A1F84 /* ContextFilterLogFormatter.m in Sources */ = {isa = PBXBuildFile; fileRef = 94E9E0101E3EB9E3008A1F84 /* ContextFilterLogFormatter.m */; };
		94E9E0141E3EB9E3008A1F84 /* DispatchQueueLogFormatter.m in Sources */ = {isa = PBXBuildFile; fileRef = 94E9E0121E3EB9E3008A1F84 /* DispatchQueueLogFormatter.m */; };
		94E9E0301E3EC456008A1F84 /* SBTimeLabel.swift in Sources */ = {isa = PBXBuildFile; fileRef = 94E9E02F1E3EC456008A1F84 /* SBTimeLabel.swift */; };
		94E9E0341E3ECA97008A1F84 /* Helpers.swift in Sources */ = {isa = PBXBuildFile; fileRef = 94E9E0331E3ECA97008A1F84 /* Helpers.swift */; };
		94E9E04D1E3EE601008A1F84 /* HueConnectionManager.swift in Sources */ = {isa = PBXBuildFile; fileRef = 94E9E04C1E3EE601008A1F84 /* HueConnectionManager.swift */; };
		94E9E04F1E3F017A008A1F84 /* HueBridgeAuthenticationViewController.swift in Sources */ = {isa = PBXBuildFile; fileRef = 94E9E04E1E3F017A008A1F84 /* HueBridgeAuthenticationViewController.swift */; };
		94E9E0511E3F01F0008A1F84 /* HueBridgeSelectionTableViewController.swift in Sources */ = {isa = PBXBuildFile; fileRef = 94E9E0501E3F01F0008A1F84 /* HueBridgeSelectionTableViewController.swift */; };
		C29842FF6D81FE74340AADDF /* Pods_SheetUITests.framework in Frameworks */ = {isa = PBXBuildFile; fileRef = 2319D788B74C29BA42B4AB0E /* Pods_SheetUITests.framework */; };
/* End PBXBuildFile section */

/* Begin PBXContainerItemProxy section */
		74B95EBA1DFB735400B03661 /* PBXContainerItemProxy */ = {
			isa = PBXContainerItemProxy;
			containerPortal = 74B95E9A1DFB735300B03661 /* Project object */;
			proxyType = 1;
			remoteGlobalIDString = 74B95EA11DFB735300B03661;
			remoteInfo = Sheet;
		};
		74B95EC51DFB735400B03661 /* PBXContainerItemProxy */ = {
			isa = PBXContainerItemProxy;
			containerPortal = 74B95E9A1DFB735300B03661 /* Project object */;
			proxyType = 1;
			remoteGlobalIDString = 74B95EA11DFB735300B03661;
			remoteInfo = Sheet;
		};
/* End PBXContainerItemProxy section */

/* Begin PBXFileReference section */
		033CF1CC2D82D3B729580E99 /* Pods-SheetTests.release.xcconfig */ = {isa = PBXFileReference; includeInIndex = 1; lastKnownFileType = text.xcconfig; name = "Pods-SheetTests.release.xcconfig"; path = "Pods/Target Support Files/Pods-SheetTests/Pods-SheetTests.release.xcconfig"; sourceTree = "<group>"; };
		2319D788B74C29BA42B4AB0E /* Pods_SheetUITests.framework */ = {isa = PBXFileReference; explicitFileType = wrapper.framework; includeInIndex = 0; path = Pods_SheetUITests.framework; sourceTree = BUILT_PRODUCTS_DIR; };
		74B95EA21DFB735300B03661 /* Sheet.app */ = {isa = PBXFileReference; explicitFileType = wrapper.application; includeInIndex = 0; path = Sheet.app; sourceTree = BUILT_PRODUCTS_DIR; };
		74B95EA51DFB735300B03661 /* AppDelegate.swift */ = {isa = PBXFileReference; lastKnownFileType = sourcecode.swift; path = AppDelegate.swift; sourceTree = "<group>"; };
		74B95EA71DFB735300B03661 /* ViewController.swift */ = {isa = PBXFileReference; lastKnownFileType = sourcecode.swift; path = ViewController.swift; sourceTree = "<group>"; };
		74B95EAA1DFB735300B03661 /* Base */ = {isa = PBXFileReference; lastKnownFileType = file.storyboard; name = Base; path = Base.lproj/Main.storyboard; sourceTree = "<group>"; };
		74B95EAD1DFB735300B03661 /* Sheet.xcdatamodel */ = {isa = PBXFileReference; lastKnownFileType = wrapper.xcdatamodel; path = Sheet.xcdatamodel; sourceTree = "<group>"; };
		74B95EAF1DFB735400B03661 /* Assets.xcassets */ = {isa = PBXFileReference; lastKnownFileType = folder.assetcatalog; path = Assets.xcassets; sourceTree = "<group>"; };
		74B95EB21DFB735400B03661 /* Base */ = {isa = PBXFileReference; lastKnownFileType = file.storyboard; name = Base; path = Base.lproj/LaunchScreen.storyboard; sourceTree = "<group>"; };
		74B95EB41DFB735400B03661 /* Info.plist */ = {isa = PBXFileReference; lastKnownFileType = text.plist.xml; path = Info.plist; sourceTree = "<group>"; };
		74B95EB91DFB735400B03661 /* SheetTests.xctest */ = {isa = PBXFileReference; explicitFileType = wrapper.cfbundle; includeInIndex = 0; path = SheetTests.xctest; sourceTree = BUILT_PRODUCTS_DIR; };
		74B95EBD1DFB735400B03661 /* SheetTests.swift */ = {isa = PBXFileReference; lastKnownFileType = sourcecode.swift; path = SheetTests.swift; sourceTree = "<group>"; };
		74B95EBF1DFB735400B03661 /* Info.plist */ = {isa = PBXFileReference; lastKnownFileType = text.plist.xml; path = Info.plist; sourceTree = "<group>"; };
		74B95EC41DFB735400B03661 /* SheetUITests.xctest */ = {isa = PBXFileReference; explicitFileType = wrapper.cfbundle; includeInIndex = 0; path = SheetUITests.xctest; sourceTree = BUILT_PRODUCTS_DIR; };
		74B95EC81DFB735400B03661 /* SheetUITests.swift */ = {isa = PBXFileReference; lastKnownFileType = sourcecode.swift; path = SheetUITests.swift; sourceTree = "<group>"; };
		74B95ECA1DFB735400B03661 /* Info.plist */ = {isa = PBXFileReference; lastKnownFileType = text.plist.xml; path = Info.plist; sourceTree = "<group>"; };
		74B95EDD1DFB776D00B03661 /* RTCoreData.framework */ = {isa = PBXFileReference; lastKnownFileType = wrapper.framework; name = RTCoreData.framework; path = Carthage/Build/iOS/RTCoreData.framework; sourceTree = "<group>"; };
		860CA7B9B603DA8CBF490151 /* Pods-SheetUITests.release.xcconfig */ = {isa = PBXFileReference; includeInIndex = 1; lastKnownFileType = text.xcconfig; name = "Pods-SheetUITests.release.xcconfig"; path = "Pods/Target Support Files/Pods-SheetUITests/Pods-SheetUITests.release.xcconfig"; sourceTree = "<group>"; };
		8D1D98B5C1B96E01AD9087F0 /* Pods_Sheet.framework */ = {isa = PBXFileReference; explicitFileType = wrapper.framework; includeInIndex = 0; path = Pods_Sheet.framework; sourceTree = BUILT_PRODUCTS_DIR; };
		947D75401E41804C00B69286 /* AlarmOptionsTableViewController.swift */ = {isa = PBXFileReference; fileEncoding = 4; lastKnownFileType = sourcecode.swift; path = AlarmOptionsTableViewController.swift; sourceTree = "<group>"; };
		947D75421E418A5E00B69286 /* BlurTableViewCell.swift */ = {isa = PBXFileReference; fileEncoding = 4; lastKnownFileType = sourcecode.swift; path = BlurTableViewCell.swift; sourceTree = "<group>"; };
		94A7A5F31E404A4E00A6D11D /* CALayer+Extension.swift */ = {isa = PBXFileReference; fileEncoding = 4; lastKnownFileType = sourcecode.swift; name = "CALayer+Extension.swift"; path = "Frameworks/GradientAnimate/CALayer+Extension.swift"; sourceTree = "<group>"; };
		94A7A5F41E404A4E00A6D11D /* ColorConstant.swift */ = {isa = PBXFileReference; fileEncoding = 4; lastKnownFileType = sourcecode.swift; name = ColorConstant.swift; path = Frameworks/GradientAnimate/ColorConstant.swift; sourceTree = "<group>"; };
		94A7A5F51E404A4E00A6D11D /* GradientHandler.swift */ = {isa = PBXFileReference; fileEncoding = 4; lastKnownFileType = sourcecode.swift; name = GradientHandler.swift; path = Frameworks/GradientAnimate/GradientHandler.swift; sourceTree = "<group>"; };
		94A7A5F61E404A4E00A6D11D /* UIColor+Extension.swift */ = {isa = PBXFileReference; fileEncoding = 4; lastKnownFileType = sourcecode.swift; name = "UIColor+Extension.swift"; path = "Frameworks/GradientAnimate/UIColor+Extension.swift"; sourceTree = "<group>"; };
		94A7A5FB1E40664E00A6D11D /* Utilities.swift */ = {isa = PBXFileReference; fileEncoding = 4; lastKnownFileType = sourcecode.swift; path = Utilities.swift; sourceTree = "<group>"; };
		94E9DFEF1E3EB289008A1F84 /* HueSDK_iOS.framework */ = {isa = PBXFileReference; lastKnownFileType = wrapper.framework; name = HueSDK_iOS.framework; path = Frameworks/Hue/HueSDK_iOS.framework; sourceTree = "<group>"; };
		94E9DFF31E3EB5FF008A1F84 /* Sheet-Bridging-Header.h */ = {isa = PBXFileReference; lastKnownFileType = sourcecode.c.h; path = "Sheet-Bridging-Header.h"; sourceTree = "<group>"; };
		94E9DFFE1E3EB9A3008A1F84 /* DDAbstractDatabaseLogger.h */ = {isa = PBXFileReference; fileEncoding = 4; lastKnownFileType = sourcecode.c.h; name = DDAbstractDatabaseLogger.h; path = ../Lumberjack/DDAbstractDatabaseLogger.h; sourceTree = "<group>"; };
		94E9DFFF1E3EB9A3008A1F84 /* DDAbstractDatabaseLogger.m */ = {isa = PBXFileReference; fileEncoding = 4; lastKnownFileType = sourcecode.c.objc; name = DDAbstractDatabaseLogger.m; path = ../Lumberjack/DDAbstractDatabaseLogger.m; sourceTree = "<group>"; };
		94E9E0001E3EB9A3008A1F84 /* DDASLLogger.h */ = {isa = PBXFileReference; fileEncoding = 4; lastKnownFileType = sourcecode.c.h; name = DDASLLogger.h; path = ../Lumberjack/DDASLLogger.h; sourceTree = "<group>"; };
		94E9E0011E3EB9A3008A1F84 /* DDASLLogger.m */ = {isa = PBXFileReference; fileEncoding = 4; lastKnownFileType = sourcecode.c.objc; name = DDASLLogger.m; path = ../Lumberjack/DDASLLogger.m; sourceTree = "<group>"; };
		94E9E0021E3EB9A3008A1F84 /* DDFileLogger.h */ = {isa = PBXFileReference; fileEncoding = 4; lastKnownFileType = sourcecode.c.h; name = DDFileLogger.h; path = ../Lumberjack/DDFileLogger.h; sourceTree = "<group>"; };
		94E9E0031E3EB9A3008A1F84 /* DDFileLogger.m */ = {isa = PBXFileReference; fileEncoding = 4; lastKnownFileType = sourcecode.c.objc; name = DDFileLogger.m; path = ../Lumberjack/DDFileLogger.m; sourceTree = "<group>"; };
		94E9E0041E3EB9A3008A1F84 /* DDLog.h */ = {isa = PBXFileReference; fileEncoding = 4; lastKnownFileType = sourcecode.c.h; name = DDLog.h; path = ../Lumberjack/DDLog.h; sourceTree = "<group>"; };
		94E9E0051E3EB9A3008A1F84 /* DDLog.m */ = {isa = PBXFileReference; fileEncoding = 4; lastKnownFileType = sourcecode.c.objc; name = DDLog.m; path = ../Lumberjack/DDLog.m; sourceTree = "<group>"; };
		94E9E0061E3EB9A3008A1F84 /* DDTTYLogger.h */ = {isa = PBXFileReference; fileEncoding = 4; lastKnownFileType = sourcecode.c.h; name = DDTTYLogger.h; path = ../Lumberjack/DDTTYLogger.h; sourceTree = "<group>"; };
		94E9E0071E3EB9A3008A1F84 /* DDTTYLogger.m */ = {isa = PBXFileReference; fileEncoding = 4; lastKnownFileType = sourcecode.c.objc; name = DDTTYLogger.m; path = ../Lumberjack/DDTTYLogger.m; sourceTree = "<group>"; };
		94E9E00F1E3EB9E3008A1F84 /* ContextFilterLogFormatter.h */ = {isa = PBXFileReference; fileEncoding = 4; lastKnownFileType = sourcecode.c.h; name = ContextFilterLogFormatter.h; path = ../Lumberjack/Extensions/ContextFilterLogFormatter.h; sourceTree = "<group>"; };
		94E9E0101E3EB9E3008A1F84 /* ContextFilterLogFormatter.m */ = {isa = PBXFileReference; fileEncoding = 4; lastKnownFileType = sourcecode.c.objc; name = ContextFilterLogFormatter.m; path = ../Lumberjack/Extensions/ContextFilterLogFormatter.m; sourceTree = "<group>"; };
		94E9E0111E3EB9E3008A1F84 /* DispatchQueueLogFormatter.h */ = {isa = PBXFileReference; fileEncoding = 4; lastKnownFileType = sourcecode.c.h; name = DispatchQueueLogFormatter.h; path = ../Lumberjack/Extensions/DispatchQueueLogFormatter.h; sourceTree = "<group>"; };
		94E9E0121E3EB9E3008A1F84 /* DispatchQueueLogFormatter.m */ = {isa = PBXFileReference; fileEncoding = 4; lastKnownFileType = sourcecode.c.objc; name = DispatchQueueLogFormatter.m; path = ../Lumberjack/Extensions/DispatchQueueLogFormatter.m; sourceTree = "<group>"; };
		94E9E02F1E3EC456008A1F84 /* SBTimeLabel.swift */ = {isa = PBXFileReference; fileEncoding = 4; lastKnownFileType = sourcecode.swift; name = SBTimeLabel.swift; path = Frameworks/SBTimeLabel/SBTimeLabel.swift; sourceTree = "<group>"; };
		94E9E0331E3ECA97008A1F84 /* Helpers.swift */ = {isa = PBXFileReference; fileEncoding = 4; lastKnownFileType = sourcecode.swift; path = Helpers.swift; sourceTree = "<group>"; };
		94E9E04C1E3EE601008A1F84 /* HueConnectionManager.swift */ = {isa = PBXFileReference; fileEncoding = 4; lastKnownFileType = sourcecode.swift; path = HueConnectionManager.swift; sourceTree = "<group>"; };
		94E9E04E1E3F017A008A1F84 /* HueBridgeAuthenticationViewController.swift */ = {isa = PBXFileReference; fileEncoding = 4; lastKnownFileType = sourcecode.swift; path = HueBridgeAuthenticationViewController.swift; sourceTree = "<group>"; };
		94E9E0501E3F01F0008A1F84 /* HueBridgeSelectionTableViewController.swift */ = {isa = PBXFileReference; fileEncoding = 4; lastKnownFileType = sourcecode.swift; path = HueBridgeSelectionTableViewController.swift; sourceTree = "<group>"; };
		991816760E467C08DD5B0369 /* Pods-Sheet.release.xcconfig */ = {isa = PBXFileReference; includeInIndex = 1; lastKnownFileType = text.xcconfig; name = "Pods-Sheet.release.xcconfig"; path = "Pods/Target Support Files/Pods-Sheet/Pods-Sheet.release.xcconfig"; sourceTree = "<group>"; };
		B621F7C1FBE7498AC652993E /* Pods-SheetTests.debug.xcconfig */ = {isa = PBXFileReference; includeInIndex = 1; lastKnownFileType = text.xcconfig; name = "Pods-SheetTests.debug.xcconfig"; path = "Pods/Target Support Files/Pods-SheetTests/Pods-SheetTests.debug.xcconfig"; sourceTree = "<group>"; };
		BA9763449EA3A0DDA78CB88D /* Pods-Sheet.debug.xcconfig */ = {isa = PBXFileReference; includeInIndex = 1; lastKnownFileType = text.xcconfig; name = "Pods-Sheet.debug.xcconfig"; path = "Pods/Target Support Files/Pods-Sheet/Pods-Sheet.debug.xcconfig"; sourceTree = "<group>"; };
		CE6C22BBDAFC5924BDF0213A /* Pods_SheetTests.framework */ = {isa = PBXFileReference; explicitFileType = wrapper.framework; includeInIndex = 0; path = Pods_SheetTests.framework; sourceTree = BUILT_PRODUCTS_DIR; };
		DCCC85028A2B8F72C8D5DF16 /* Pods-SheetUITests.debug.xcconfig */ = {isa = PBXFileReference; includeInIndex = 1; lastKnownFileType = text.xcconfig; name = "Pods-SheetUITests.debug.xcconfig"; path = "Pods/Target Support Files/Pods-SheetUITests/Pods-SheetUITests.debug.xcconfig"; sourceTree = "<group>"; };
/* End PBXFileReference section */

/* Begin PBXFrameworksBuildPhase section */
		74B95E9F1DFB735300B03661 /* Frameworks */ = {
			isa = PBXFrameworksBuildPhase;
			buildActionMask = 2147483647;
			files = (
				74B95EDE1DFB776D00B03661 /* RTCoreData.framework in Frameworks */,
				94E9DFF01E3EB289008A1F84 /* HueSDK_iOS.framework in Frameworks */,
				7AD917DC8EDBDDA1852CD9CB /* Pods_Sheet.framework in Frameworks */,
			);
			runOnlyForDeploymentPostprocessing = 0;
		};
		74B95EB61DFB735400B03661 /* Frameworks */ = {
			isa = PBXFrameworksBuildPhase;
			buildActionMask = 2147483647;
			files = (
				08245F19D3676AE7711E18F2 /* Pods_SheetTests.framework in Frameworks */,
			);
			runOnlyForDeploymentPostprocessing = 0;
		};
		74B95EC11DFB735400B03661 /* Frameworks */ = {
			isa = PBXFrameworksBuildPhase;
			buildActionMask = 2147483647;
			files = (
				C29842FF6D81FE74340AADDF /* Pods_SheetUITests.framework in Frameworks */,
			);
			runOnlyForDeploymentPostprocessing = 0;
		};
/* End PBXFrameworksBuildPhase section */

/* Begin PBXGroup section */
		3AFB159A743C9F299048D051 /* Pods */ = {
			isa = PBXGroup;
			children = (
				BA9763449EA3A0DDA78CB88D /* Pods-Sheet.debug.xcconfig */,
				991816760E467C08DD5B0369 /* Pods-Sheet.release.xcconfig */,
				B621F7C1FBE7498AC652993E /* Pods-SheetTests.debug.xcconfig */,
				033CF1CC2D82D3B729580E99 /* Pods-SheetTests.release.xcconfig */,
				DCCC85028A2B8F72C8D5DF16 /* Pods-SheetUITests.debug.xcconfig */,
				860CA7B9B603DA8CBF490151 /* Pods-SheetUITests.release.xcconfig */,
			);
			name = Pods;
			sourceTree = "<group>";
		};
		74B95E991DFB735300B03661 = {
			isa = PBXGroup;
			children = (
				74B95EA41DFB735300B03661 /* Sheet */,
				74B95EBC1DFB735400B03661 /* SheetTests */,
				74B95EC71DFB735400B03661 /* SheetUITests */,
				74B95EA31DFB735300B03661 /* Products */,
				3AFB159A743C9F299048D051 /* Pods */,
				CE9EDE0DBCC025329CC23A8E /* Frameworks */,
				94E9DFF31E3EB5FF008A1F84 /* Sheet-Bridging-Header.h */,
			);
			sourceTree = "<group>";
		};
		74B95EA31DFB735300B03661 /* Products */ = {
			isa = PBXGroup;
			children = (
				74B95EA21DFB735300B03661 /* Sheet.app */,
				74B95EB91DFB735400B03661 /* SheetTests.xctest */,
				74B95EC41DFB735400B03661 /* SheetUITests.xctest */,
			);
			name = Products;
			sourceTree = "<group>";
		};
		74B95EA41DFB735300B03661 /* Sheet */ = {
			isa = PBXGroup;
			children = (
				74B95ED61DFB737700B03661 /* Storyboards */,
				74B95EDC1DFB73BC00B03661 /* View Controllers */,
				74B95EDB1DFB73B700B03661 /* Views */,
				74B95EDA1DFB73AE00B03661 /* Cells */,
				74B95ED91DFB73A000B03661 /* Models */,
				94E9E02D1E3EBF40008A1F84 /* Managers */,
				74B95ED81DFB739100B03661 /* Helpers */,
				74B95ED71DFB738100B03661 /* Supporting Files */,
			);
			path = Sheet;
			sourceTree = "<group>";
		};
		74B95EBC1DFB735400B03661 /* SheetTests */ = {
			isa = PBXGroup;
			children = (
				74B95EBD1DFB735400B03661 /* SheetTests.swift */,
				74B95EBF1DFB735400B03661 /* Info.plist */,
			);
			path = SheetTests;
			sourceTree = "<group>";
		};
		74B95EC71DFB735400B03661 /* SheetUITests */ = {
			isa = PBXGroup;
			children = (
				74B95EC81DFB735400B03661 /* SheetUITests.swift */,
				74B95ECA1DFB735400B03661 /* Info.plist */,
			);
			path = SheetUITests;
			sourceTree = "<group>";
		};
		74B95ED61DFB737700B03661 /* Storyboards */ = {
			isa = PBXGroup;
			children = (
				74B95EA91DFB735300B03661 /* Main.storyboard */,
			);
			name = Storyboards;
			sourceTree = "<group>";
		};
		74B95ED71DFB738100B03661 /* Supporting Files */ = {
			isa = PBXGroup;
			children = (
				94A7A5FB1E40664E00A6D11D /* Utilities.swift */,
				74B95EB41DFB735400B03661 /* Info.plist */,
				74B95EAF1DFB735400B03661 /* Assets.xcassets */,
				74B95EB11DFB735400B03661 /* LaunchScreen.storyboard */,
				74B95EA51DFB735300B03661 /* AppDelegate.swift */,
			);
			name = "Supporting Files";
			sourceTree = "<group>";
		};
		74B95ED81DFB739100B03661 /* Helpers */ = {
			isa = PBXGroup;
			children = (
				94E9E0331E3ECA97008A1F84 /* Helpers.swift */,
			);
			name = Helpers;
			sourceTree = "<group>";
		};
		74B95ED91DFB73A000B03661 /* Models */ = {
			isa = PBXGroup;
			children = (
				74B95EAC1DFB735300B03661 /* Sheet.xcdatamodeld */,
			);
			name = Models;
			sourceTree = "<group>";
		};
		74B95EDA1DFB73AE00B03661 /* Cells */ = {
			isa = PBXGroup;
			children = (
				947D75421E418A5E00B69286 /* BlurTableViewCell.swift */,
			);
			name = Cells;
			sourceTree = "<group>";
		};
		74B95EDB1DFB73B700B03661 /* Views */ = {
			isa = PBXGroup;
			children = (
			);
			name = Views;
			sourceTree = "<group>";
		};
		74B95EDC1DFB73BC00B03661 /* View Controllers */ = {
			isa = PBXGroup;
			children = (
				74B95EA71DFB735300B03661 /* ViewController.swift */,
				947D75401E41804C00B69286 /* AlarmOptionsTableViewController.swift */,
			);
			name = "View Controllers";
			sourceTree = "<group>";
		};
		94A7A5F21E404A3800A6D11D /* Gradient Animation */ = {
			isa = PBXGroup;
			children = (
				94A7A5F31E404A4E00A6D11D /* CALayer+Extension.swift */,
				94A7A5F41E404A4E00A6D11D /* ColorConstant.swift */,
				94A7A5F51E404A4E00A6D11D /* GradientHandler.swift */,
				94A7A5F61E404A4E00A6D11D /* UIColor+Extension.swift */,
			);
			name = "Gradient Animation";
			sourceTree = "<group>";
		};
		94E9E00D1E3EB9A9008A1F84 /* Lumberjack */ = {
			isa = PBXGroup;
			children = (
				94E9E00E1E3EB9C7008A1F84 /* Extensions */,
				94E9DFFE1E3EB9A3008A1F84 /* DDAbstractDatabaseLogger.h */,
				94E9DFFF1E3EB9A3008A1F84 /* DDAbstractDatabaseLogger.m */,
				94E9E0001E3EB9A3008A1F84 /* DDASLLogger.h */,
				94E9E0011E3EB9A3008A1F84 /* DDASLLogger.m */,
				94E9E0021E3EB9A3008A1F84 /* DDFileLogger.h */,
				94E9E0031E3EB9A3008A1F84 /* DDFileLogger.m */,
				94E9E0041E3EB9A3008A1F84 /* DDLog.h */,
				94E9E0051E3EB9A3008A1F84 /* DDLog.m */,
				94E9E0061E3EB9A3008A1F84 /* DDTTYLogger.h */,
				94E9E0071E3EB9A3008A1F84 /* DDTTYLogger.m */,
			);
			name = Lumberjack;
			sourceTree = "<group>";
		};
		94E9E00E1E3EB9C7008A1F84 /* Extensions */ = {
			isa = PBXGroup;
			children = (
				94E9E00F1E3EB9E3008A1F84 /* ContextFilterLogFormatter.h */,
				94E9E0101E3EB9E3008A1F84 /* ContextFilterLogFormatter.m */,
				94E9E0111E3EB9E3008A1F84 /* DispatchQueueLogFormatter.h */,
				94E9E0121E3EB9E3008A1F84 /* DispatchQueueLogFormatter.m */,
			);
			name = Extensions;
			sourceTree = "<group>";
		};
		94E9E02D1E3EBF40008A1F84 /* Managers */ = {
			isa = PBXGroup;
			children = (
				94E9E0361E3ED484008A1F84 /* Hue */,
			);
			name = Managers;
			sourceTree = "<group>";
		};
		94E9E02E1E3EC446008A1F84 /* SBTimeLabel */ = {
			isa = PBXGroup;
			children = (
				94E9E02F1E3EC456008A1F84 /* SBTimeLabel.swift */,
			);
			name = SBTimeLabel;
			sourceTree = "<group>";
		};
		94E9E0361E3ED484008A1F84 /* Hue */ = {
			isa = PBXGroup;
			children = (
				94E9E04C1E3EE601008A1F84 /* HueConnectionManager.swift */,
				94E9E04E1E3F017A008A1F84 /* HueBridgeAuthenticationViewController.swift */,
				94E9E0501E3F01F0008A1F84 /* HueBridgeSelectionTableViewController.swift */,
			);
			name = Hue;
			sourceTree = "<group>";
		};
		CE9EDE0DBCC025329CC23A8E /* Frameworks */ = {
			isa = PBXGroup;
			children = (
				94A7A5F21E404A3800A6D11D /* Gradient Animation */,
				94E9E02E1E3EC446008A1F84 /* SBTimeLabel */,
				94E9E00D1E3EB9A9008A1F84 /* Lumberjack */,
				94E9DFEF1E3EB289008A1F84 /* HueSDK_iOS.framework */,
				74B95EDD1DFB776D00B03661 /* RTCoreData.framework */,
				8D1D98B5C1B96E01AD9087F0 /* Pods_Sheet.framework */,
				CE6C22BBDAFC5924BDF0213A /* Pods_SheetTests.framework */,
				2319D788B74C29BA42B4AB0E /* Pods_SheetUITests.framework */,
			);
			name = Frameworks;
			sourceTree = "<group>";
		};
/* End PBXGroup section */

/* Begin PBXNativeTarget section */
		74B95EA11DFB735300B03661 /* Sheet */ = {
			isa = PBXNativeTarget;
			buildConfigurationList = 74B95ECD1DFB735400B03661 /* Build configuration list for PBXNativeTarget "Sheet" */;
			buildPhases = (
				56263F71728906B4B3740E77 /* [CP] Check Pods Manifest.lock */,
				74B95E9E1DFB735300B03661 /* Sources */,
				74B95E9F1DFB735300B03661 /* Frameworks */,
				74B95EA01DFB735300B03661 /* Resources */,
				DCCD342604F6B7266A45BBC5 /* [CP] Embed Pods Frameworks */,
				CF3DA7EDD634C7FEEDE53512 /* [CP] Copy Pods Resources */,
				74B95EE11DFB777F00B03661 /* ShellScript */,
			);
			buildRules = (
			);
			dependencies = (
			);
			name = Sheet;
			productName = Sheet;
			productReference = 74B95EA21DFB735300B03661 /* Sheet.app */;
			productType = "com.apple.product-type.application";
		};
		74B95EB81DFB735400B03661 /* SheetTests */ = {
			isa = PBXNativeTarget;
			buildConfigurationList = 74B95ED01DFB735400B03661 /* Build configuration list for PBXNativeTarget "SheetTests" */;
			buildPhases = (
				BBE8F46FB7FF75BBCA1D342A /* [CP] Check Pods Manifest.lock */,
				74B95EB51DFB735400B03661 /* Sources */,
				74B95EB61DFB735400B03661 /* Frameworks */,
				74B95EB71DFB735400B03661 /* Resources */,
				C8CC3C319DEB28BC09B64393 /* [CP] Embed Pods Frameworks */,
				D159ABF0A2324A8498ADBB00 /* [CP] Copy Pods Resources */,
			);
			buildRules = (
			);
			dependencies = (
				74B95EBB1DFB735400B03661 /* PBXTargetDependency */,
			);
			name = SheetTests;
			productName = SheetTests;
			productReference = 74B95EB91DFB735400B03661 /* SheetTests.xctest */;
			productType = "com.apple.product-type.bundle.unit-test";
		};
		74B95EC31DFB735400B03661 /* SheetUITests */ = {
			isa = PBXNativeTarget;
			buildConfigurationList = 74B95ED31DFB735400B03661 /* Build configuration list for PBXNativeTarget "SheetUITests" */;
			buildPhases = (
				CCFC17E84D3430908AB36F3E /* [CP] Check Pods Manifest.lock */,
				74B95EC01DFB735400B03661 /* Sources */,
				74B95EC11DFB735400B03661 /* Frameworks */,
				74B95EC21DFB735400B03661 /* Resources */,
				9E21C465D774404424AE08FA /* [CP] Embed Pods Frameworks */,
				812C3B686B5517B5B06A5536 /* [CP] Copy Pods Resources */,
			);
			buildRules = (
			);
			dependencies = (
				74B95EC61DFB735400B03661 /* PBXTargetDependency */,
			);
			name = SheetUITests;
			productName = SheetUITests;
			productReference = 74B95EC41DFB735400B03661 /* SheetUITests.xctest */;
			productType = "com.apple.product-type.bundle.ui-testing";
		};
/* End PBXNativeTarget section */

/* Begin PBXProject section */
		74B95E9A1DFB735300B03661 /* Project object */ = {
			isa = PBXProject;
			attributes = {
				LastSwiftUpdateCheck = 0800;
				LastUpgradeCheck = 0800;
				ORGANIZATIONNAME = ryanphillipthomas;
				TargetAttributes = {
					74B95EA11DFB735300B03661 = {
						CreatedOnToolsVersion = 8.0;
						DevelopmentTeam = FS6KJ5XME6;
						LastSwiftMigration = 0820;
						ProvisioningStyle = Automatic;
					};
					74B95EB81DFB735400B03661 = {
						CreatedOnToolsVersion = 8.0;
						ProvisioningStyle = Automatic;
						TestTargetID = 74B95EA11DFB735300B03661;
					};
					74B95EC31DFB735400B03661 = {
						CreatedOnToolsVersion = 8.0;
						ProvisioningStyle = Automatic;
						TestTargetID = 74B95EA11DFB735300B03661;
					};
				};
			};
			buildConfigurationList = 74B95E9D1DFB735300B03661 /* Build configuration list for PBXProject "Sheet" */;
			compatibilityVersion = "Xcode 3.2";
			developmentRegion = English;
			hasScannedForEncodings = 0;
			knownRegions = (
				en,
				Base,
			);
			mainGroup = 74B95E991DFB735300B03661;
			productRefGroup = 74B95EA31DFB735300B03661 /* Products */;
			projectDirPath = "";
			projectRoot = "";
			targets = (
				74B95EA11DFB735300B03661 /* Sheet */,
				74B95EB81DFB735400B03661 /* SheetTests */,
				74B95EC31DFB735400B03661 /* SheetUITests */,
			);
		};
/* End PBXProject section */

/* Begin PBXResourcesBuildPhase section */
		74B95EA01DFB735300B03661 /* Resources */ = {
			isa = PBXResourcesBuildPhase;
			buildActionMask = 2147483647;
			files = (
				74B95EB31DFB735400B03661 /* LaunchScreen.storyboard in Resources */,
				74B95EB01DFB735400B03661 /* Assets.xcassets in Resources */,
				74B95EAB1DFB735300B03661 /* Main.storyboard in Resources */,
			);
			runOnlyForDeploymentPostprocessing = 0;
		};
		74B95EB71DFB735400B03661 /* Resources */ = {
			isa = PBXResourcesBuildPhase;
			buildActionMask = 2147483647;
			files = (
			);
			runOnlyForDeploymentPostprocessing = 0;
		};
		74B95EC21DFB735400B03661 /* Resources */ = {
			isa = PBXResourcesBuildPhase;
			buildActionMask = 2147483647;
			files = (
			);
			runOnlyForDeploymentPostprocessing = 0;
		};
/* End PBXResourcesBuildPhase section */

/* Begin PBXShellScriptBuildPhase section */
		56263F71728906B4B3740E77 /* [CP] Check Pods Manifest.lock */ = {
			isa = PBXShellScriptBuildPhase;
			buildActionMask = 2147483647;
			files = (
			);
			inputPaths = (
			);
			name = "[CP] Check Pods Manifest.lock";
			outputPaths = (
			);
			runOnlyForDeploymentPostprocessing = 0;
			shellPath = /bin/sh;
			shellScript = "diff \"${PODS_ROOT}/../Podfile.lock\" \"${PODS_ROOT}/Manifest.lock\" > /dev/null\nif [ $? != 0 ] ; then\n    # print error to STDERR\n    echo \"error: The sandbox is not in sync with the Podfile.lock. Run 'pod install' or update your CocoaPods installation.\" >&2\n    exit 1\nfi\n";
			showEnvVarsInLog = 0;
		};
		74B95EE11DFB777F00B03661 /* ShellScript */ = {
			isa = PBXShellScriptBuildPhase;
			buildActionMask = 2147483647;
			files = (
			);
			inputPaths = (
				"$(SRCROOT)/Carthage/Build/iOS/RTCoreData.framework",
			);
			outputPaths = (
			);
			runOnlyForDeploymentPostprocessing = 0;
			shellPath = /bin/sh;
			shellScript = "/usr/local/bin/carthage copy-frameworks\n";
		};
		812C3B686B5517B5B06A5536 /* [CP] Copy Pods Resources */ = {
			isa = PBXShellScriptBuildPhase;
			buildActionMask = 2147483647;
			files = (
			);
			inputPaths = (
			);
			name = "[CP] Copy Pods Resources";
			outputPaths = (
			);
			runOnlyForDeploymentPostprocessing = 0;
			shellPath = /bin/sh;
			shellScript = "\"${SRCROOT}/Pods/Target Support Files/Pods-SheetUITests/Pods-SheetUITests-resources.sh\"\n";
			showEnvVarsInLog = 0;
		};
		9E21C465D774404424AE08FA /* [CP] Embed Pods Frameworks */ = {
			isa = PBXShellScriptBuildPhase;
			buildActionMask = 2147483647;
			files = (
			);
			inputPaths = (
			);
			name = "[CP] Embed Pods Frameworks";
			outputPaths = (
			);
			runOnlyForDeploymentPostprocessing = 0;
			shellPath = /bin/sh;
			shellScript = "\"${SRCROOT}/Pods/Target Support Files/Pods-SheetUITests/Pods-SheetUITests-frameworks.sh\"\n";
			showEnvVarsInLog = 0;
		};
		BBE8F46FB7FF75BBCA1D342A /* [CP] Check Pods Manifest.lock */ = {
			isa = PBXShellScriptBuildPhase;
			buildActionMask = 2147483647;
			files = (
			);
			inputPaths = (
			);
			name = "[CP] Check Pods Manifest.lock";
			outputPaths = (
			);
			runOnlyForDeploymentPostprocessing = 0;
			shellPath = /bin/sh;
			shellScript = "diff \"${PODS_ROOT}/../Podfile.lock\" \"${PODS_ROOT}/Manifest.lock\" > /dev/null\nif [ $? != 0 ] ; then\n    # print error to STDERR\n    echo \"error: The sandbox is not in sync with the Podfile.lock. Run 'pod install' or update your CocoaPods installation.\" >&2\n    exit 1\nfi\n";
			showEnvVarsInLog = 0;
		};
		C8CC3C319DEB28BC09B64393 /* [CP] Embed Pods Frameworks */ = {
			isa = PBXShellScriptBuildPhase;
			buildActionMask = 2147483647;
			files = (
			);
			inputPaths = (
			);
			name = "[CP] Embed Pods Frameworks";
			outputPaths = (
			);
			runOnlyForDeploymentPostprocessing = 0;
			shellPath = /bin/sh;
			shellScript = "\"${SRCROOT}/Pods/Target Support Files/Pods-SheetTests/Pods-SheetTests-frameworks.sh\"\n";
			showEnvVarsInLog = 0;
		};
		CCFC17E84D3430908AB36F3E /* [CP] Check Pods Manifest.lock */ = {
			isa = PBXShellScriptBuildPhase;
			buildActionMask = 2147483647;
			files = (
			);
			inputPaths = (
			);
			name = "[CP] Check Pods Manifest.lock";
			outputPaths = (
			);
			runOnlyForDeploymentPostprocessing = 0;
			shellPath = /bin/sh;
			shellScript = "diff \"${PODS_ROOT}/../Podfile.lock\" \"${PODS_ROOT}/Manifest.lock\" > /dev/null\nif [ $? != 0 ] ; then\n    # print error to STDERR\n    echo \"error: The sandbox is not in sync with the Podfile.lock. Run 'pod install' or update your CocoaPods installation.\" >&2\n    exit 1\nfi\n";
			showEnvVarsInLog = 0;
		};
		CF3DA7EDD634C7FEEDE53512 /* [CP] Copy Pods Resources */ = {
			isa = PBXShellScriptBuildPhase;
			buildActionMask = 2147483647;
			files = (
			);
			inputPaths = (
			);
			name = "[CP] Copy Pods Resources";
			outputPaths = (
			);
			runOnlyForDeploymentPostprocessing = 0;
			shellPath = /bin/sh;
			shellScript = "\"${SRCROOT}/Pods/Target Support Files/Pods-Sheet/Pods-Sheet-resources.sh\"\n";
			showEnvVarsInLog = 0;
		};
		D159ABF0A2324A8498ADBB00 /* [CP] Copy Pods Resources */ = {
			isa = PBXShellScriptBuildPhase;
			buildActionMask = 2147483647;
			files = (
			);
			inputPaths = (
			);
			name = "[CP] Copy Pods Resources";
			outputPaths = (
			);
			runOnlyForDeploymentPostprocessing = 0;
			shellPath = /bin/sh;
			shellScript = "\"${SRCROOT}/Pods/Target Support Files/Pods-SheetTests/Pods-SheetTests-resources.sh\"\n";
			showEnvVarsInLog = 0;
		};
		DCCD342604F6B7266A45BBC5 /* [CP] Embed Pods Frameworks */ = {
			isa = PBXShellScriptBuildPhase;
			buildActionMask = 2147483647;
			files = (
			);
			inputPaths = (
			);
			name = "[CP] Embed Pods Frameworks";
			outputPaths = (
			);
			runOnlyForDeploymentPostprocessing = 0;
			shellPath = /bin/sh;
			shellScript = "\"${SRCROOT}/Pods/Target Support Files/Pods-Sheet/Pods-Sheet-frameworks.sh\"\n";
			showEnvVarsInLog = 0;
		};
/* End PBXShellScriptBuildPhase section */

/* Begin PBXSourcesBuildPhase section */
		74B95E9E1DFB735300B03661 /* Sources */ = {
			isa = PBXSourcesBuildPhase;
			buildActionMask = 2147483647;
			files = (
				94E9E00B1E3EB9A3008A1F84 /* DDLog.m in Sources */,
				94A7A5FA1E404A4E00A6D11D /* UIColor+Extension.swift in Sources */,
				94E9E04D1E3EE601008A1F84 /* HueConnectionManager.swift in Sources */,
				94E9E00C1E3EB9A3008A1F84 /* DDTTYLogger.m in Sources */,
				74B95EAE1DFB735400B03661 /* Sheet.xcdatamodeld in Sources */,
				94E9E04F1E3F017A008A1F84 /* HueBridgeAuthenticationViewController.swift in Sources */,
				94E9E00A1E3EB9A3008A1F84 /* DDFileLogger.m in Sources */,
				94E9E0301E3EC456008A1F84 /* SBTimeLabel.swift in Sources */,
				94E9E0511E3F01F0008A1F84 /* HueBridgeSelectionTableViewController.swift in Sources */,
				74B95EA81DFB735300B03661 /* ViewController.swift in Sources */,
				94E9E0141E3EB9E3008A1F84 /* DispatchQueueLogFormatter.m in Sources */,
				947D75411E41804C00B69286 /* AlarmOptionsTableViewController.swift in Sources */,
				947D75431E418A5E00B69286 /* BlurTableViewCell.swift in Sources */,
				94E9E0341E3ECA97008A1F84 /* Helpers.swift in Sources */,
				94A7A5F71E404A4E00A6D11D /* CALayer+Extension.swift in Sources */,
				94E9E0081E3EB9A3008A1F84 /* DDAbstractDatabaseLogger.m in Sources */,
				74B95EA61DFB735300B03661 /* AppDelegate.swift in Sources */,
				94E9E0091E3EB9A3008A1F84 /* DDASLLogger.m in Sources */,
				94A7A5F81E404A4E00A6D11D /* ColorConstant.swift in Sources */,
				94A7A5F91E404A4E00A6D11D /* GradientHandler.swift in Sources */,
				94A7A5FC1E40664E00A6D11D /* Utilities.swift in Sources */,
				94E9E0131E3EB9E3008A1F84 /* ContextFilterLogFormatter.m in Sources */,
			);
			runOnlyForDeploymentPostprocessing = 0;
		};
		74B95EB51DFB735400B03661 /* Sources */ = {
			isa = PBXSourcesBuildPhase;
			buildActionMask = 2147483647;
			files = (
				74B95EBE1DFB735400B03661 /* SheetTests.swift in Sources */,
			);
			runOnlyForDeploymentPostprocessing = 0;
		};
		74B95EC01DFB735400B03661 /* Sources */ = {
			isa = PBXSourcesBuildPhase;
			buildActionMask = 2147483647;
			files = (
				74B95EC91DFB735400B03661 /* SheetUITests.swift in Sources */,
			);
			runOnlyForDeploymentPostprocessing = 0;
		};
/* End PBXSourcesBuildPhase section */

/* Begin PBXTargetDependency section */
		74B95EBB1DFB735400B03661 /* PBXTargetDependency */ = {
			isa = PBXTargetDependency;
			target = 74B95EA11DFB735300B03661 /* Sheet */;
			targetProxy = 74B95EBA1DFB735400B03661 /* PBXContainerItemProxy */;
		};
		74B95EC61DFB735400B03661 /* PBXTargetDependency */ = {
			isa = PBXTargetDependency;
			target = 74B95EA11DFB735300B03661 /* Sheet */;
			targetProxy = 74B95EC51DFB735400B03661 /* PBXContainerItemProxy */;
		};
/* End PBXTargetDependency section */

/* Begin PBXVariantGroup section */
		74B95EA91DFB735300B03661 /* Main.storyboard */ = {
			isa = PBXVariantGroup;
			children = (
				74B95EAA1DFB735300B03661 /* Base */,
			);
			name = Main.storyboard;
			sourceTree = "<group>";
		};
		74B95EB11DFB735400B03661 /* LaunchScreen.storyboard */ = {
			isa = PBXVariantGroup;
			children = (
				74B95EB21DFB735400B03661 /* Base */,
			);
			name = LaunchScreen.storyboard;
			sourceTree = "<group>";
		};
/* End PBXVariantGroup section */

/* Begin XCBuildConfiguration section */
		74B95ECB1DFB735400B03661 /* Debug */ = {
			isa = XCBuildConfiguration;
			buildSettings = {
				ALWAYS_SEARCH_USER_PATHS = NO;
				CLANG_ANALYZER_NONNULL = YES;
				CLANG_CXX_LANGUAGE_STANDARD = "gnu++0x";
				CLANG_CXX_LIBRARY = "libc++";
				CLANG_ENABLE_MODULES = YES;
				CLANG_ENABLE_OBJC_ARC = YES;
				CLANG_WARN_BOOL_CONVERSION = YES;
				CLANG_WARN_CONSTANT_CONVERSION = YES;
				CLANG_WARN_DIRECT_OBJC_ISA_USAGE = YES_ERROR;
				CLANG_WARN_DOCUMENTATION_COMMENTS = YES;
				CLANG_WARN_EMPTY_BODY = YES;
				CLANG_WARN_ENUM_CONVERSION = YES;
				CLANG_WARN_INFINITE_RECURSION = YES;
				CLANG_WARN_INT_CONVERSION = YES;
				CLANG_WARN_OBJC_ROOT_CLASS = YES_ERROR;
				CLANG_WARN_SUSPICIOUS_MOVES = YES;
				CLANG_WARN_UNREACHABLE_CODE = YES;
				CLANG_WARN__DUPLICATE_METHOD_MATCH = YES;
				"CODE_SIGN_IDENTITY[sdk=iphoneos*]" = "iPhone Developer";
				COPY_PHASE_STRIP = NO;
				DEBUG_INFORMATION_FORMAT = dwarf;
				ENABLE_STRICT_OBJC_MSGSEND = YES;
				ENABLE_TESTABILITY = YES;
				GCC_C_LANGUAGE_STANDARD = gnu99;
				GCC_DYNAMIC_NO_PIC = NO;
				GCC_NO_COMMON_BLOCKS = YES;
				GCC_OPTIMIZATION_LEVEL = 0;
				GCC_PREPROCESSOR_DEFINITIONS = (
					"DEBUG=1",
					"$(inherited)",
				);
				GCC_WARN_64_TO_32_BIT_CONVERSION = YES;
				GCC_WARN_ABOUT_RETURN_TYPE = YES_ERROR;
				GCC_WARN_UNDECLARED_SELECTOR = YES;
				GCC_WARN_UNINITIALIZED_AUTOS = YES_AGGRESSIVE;
				GCC_WARN_UNUSED_FUNCTION = YES;
				GCC_WARN_UNUSED_VARIABLE = YES;
				IPHONEOS_DEPLOYMENT_TARGET = 10.0;
				MTL_ENABLE_DEBUG_INFO = YES;
				ONLY_ACTIVE_ARCH = YES;
				SDKROOT = iphoneos;
				SWIFT_ACTIVE_COMPILATION_CONDITIONS = DEBUG;
				SWIFT_OPTIMIZATION_LEVEL = "-Onone";
				TARGETED_DEVICE_FAMILY = "1,2";
			};
			name = Debug;
		};
		74B95ECC1DFB735400B03661 /* Release */ = {
			isa = XCBuildConfiguration;
			buildSettings = {
				ALWAYS_SEARCH_USER_PATHS = NO;
				CLANG_ANALYZER_NONNULL = YES;
				CLANG_CXX_LANGUAGE_STANDARD = "gnu++0x";
				CLANG_CXX_LIBRARY = "libc++";
				CLANG_ENABLE_MODULES = YES;
				CLANG_ENABLE_OBJC_ARC = YES;
				CLANG_WARN_BOOL_CONVERSION = YES;
				CLANG_WARN_CONSTANT_CONVERSION = YES;
				CLANG_WARN_DIRECT_OBJC_ISA_USAGE = YES_ERROR;
				CLANG_WARN_DOCUMENTATION_COMMENTS = YES;
				CLANG_WARN_EMPTY_BODY = YES;
				CLANG_WARN_ENUM_CONVERSION = YES;
				CLANG_WARN_INFINITE_RECURSION = YES;
				CLANG_WARN_INT_CONVERSION = YES;
				CLANG_WARN_OBJC_ROOT_CLASS = YES_ERROR;
				CLANG_WARN_SUSPICIOUS_MOVES = YES;
				CLANG_WARN_UNREACHABLE_CODE = YES;
				CLANG_WARN__DUPLICATE_METHOD_MATCH = YES;
				"CODE_SIGN_IDENTITY[sdk=iphoneos*]" = "iPhone Developer";
				COPY_PHASE_STRIP = NO;
				DEBUG_INFORMATION_FORMAT = "dwarf-with-dsym";
				ENABLE_NS_ASSERTIONS = NO;
				ENABLE_STRICT_OBJC_MSGSEND = YES;
				GCC_C_LANGUAGE_STANDARD = gnu99;
				GCC_NO_COMMON_BLOCKS = YES;
				GCC_WARN_64_TO_32_BIT_CONVERSION = YES;
				GCC_WARN_ABOUT_RETURN_TYPE = YES_ERROR;
				GCC_WARN_UNDECLARED_SELECTOR = YES;
				GCC_WARN_UNINITIALIZED_AUTOS = YES_AGGRESSIVE;
				GCC_WARN_UNUSED_FUNCTION = YES;
				GCC_WARN_UNUSED_VARIABLE = YES;
				IPHONEOS_DEPLOYMENT_TARGET = 10.0;
				MTL_ENABLE_DEBUG_INFO = NO;
				SDKROOT = iphoneos;
				SWIFT_OPTIMIZATION_LEVEL = "-Owholemodule";
				TARGETED_DEVICE_FAMILY = "1,2";
				VALIDATE_PRODUCT = YES;
			};
			name = Release;
		};
		74B95ECE1DFB735400B03661 /* Debug */ = {
			isa = XCBuildConfiguration;
			baseConfigurationReference = BA9763449EA3A0DDA78CB88D /* Pods-Sheet.debug.xcconfig */;
			buildSettings = {
				ASSETCATALOG_COMPILER_APPICON_NAME = AppIcon;
				CLANG_ENABLE_MODULES = YES;
				DEVELOPMENT_TEAM = FS6KJ5XME6;
				FRAMEWORK_SEARCH_PATHS = (
					"$(inherited)",
					"$(PROJECT_DIR)/Carthage/Build/iOS",
					"$(PROJECT_DIR)/Frameworks/Hue",
				);
				INFOPLIST_FILE = Sheet/Info.plist;
				LD_RUNPATH_SEARCH_PATHS = "$(inherited) @executable_path/Frameworks";
				PRODUCT_BUNDLE_IDENTIFIER = com.ryanphillipthomas.Sheet;
				PRODUCT_NAME = "$(TARGET_NAME)";
				SWIFT_OBJC_BRIDGING_HEADER = "Sheet-Bridging-Header.h";
				SWIFT_OPTIMIZATION_LEVEL = "-Onone";
				SWIFT_VERSION = 3.0;
			};
			name = Debug;
		};
		74B95ECF1DFB735400B03661 /* Release */ = {
			isa = XCBuildConfiguration;
			baseConfigurationReference = 991816760E467C08DD5B0369 /* Pods-Sheet.release.xcconfig */;
			buildSettings = {
				ASSETCATALOG_COMPILER_APPICON_NAME = AppIcon;
				CLANG_ENABLE_MODULES = YES;
				DEVELOPMENT_TEAM = FS6KJ5XME6;
				FRAMEWORK_SEARCH_PATHS = (
					"$(inherited)",
					"$(PROJECT_DIR)/Carthage/Build/iOS",
					"$(PROJECT_DIR)/Frameworks/Hue",
				);
				INFOPLIST_FILE = Sheet/Info.plist;
				LD_RUNPATH_SEARCH_PATHS = "$(inherited) @executable_path/Frameworks";
				PRODUCT_BUNDLE_IDENTIFIER = com.ryanphillipthomas.Sheet;
				PRODUCT_NAME = "$(TARGET_NAME)";
				SWIFT_OBJC_BRIDGING_HEADER = "Sheet-Bridging-Header.h";
				SWIFT_VERSION = 3.0;
			};
			name = Release;
		};
		74B95ED11DFB735400B03661 /* Debug */ = {
			isa = XCBuildConfiguration;
			baseConfigurationReference = B621F7C1FBE7498AC652993E /* Pods-SheetTests.debug.xcconfig */;
			buildSettings = {
				ALWAYS_EMBED_SWIFT_STANDARD_LIBRARIES = YES;
				BUNDLE_LOADER = "$(TEST_HOST)";
				INFOPLIST_FILE = SheetTests/Info.plist;
				LD_RUNPATH_SEARCH_PATHS = "$(inherited) @executable_path/Frameworks @loader_path/Frameworks";
				PRODUCT_BUNDLE_IDENTIFIER = com.ryanphillipthomas.SheetTests;
				PRODUCT_NAME = "$(TARGET_NAME)";
				SWIFT_VERSION = 3.0;
				TEST_HOST = "$(BUILT_PRODUCTS_DIR)/Sheet.app/Sheet";
			};
			name = Debug;
		};
		74B95ED21DFB735400B03661 /* Release */ = {
			isa = XCBuildConfiguration;
			baseConfigurationReference = 033CF1CC2D82D3B729580E99 /* Pods-SheetTests.release.xcconfig */;
			buildSettings = {
				ALWAYS_EMBED_SWIFT_STANDARD_LIBRARIES = YES;
				BUNDLE_LOADER = "$(TEST_HOST)";
				INFOPLIST_FILE = SheetTests/Info.plist;
				LD_RUNPATH_SEARCH_PATHS = "$(inherited) @executable_path/Frameworks @loader_path/Frameworks";
				PRODUCT_BUNDLE_IDENTIFIER = com.ryanphillipthomas.SheetTests;
				PRODUCT_NAME = "$(TARGET_NAME)";
				SWIFT_VERSION = 3.0;
				TEST_HOST = "$(BUILT_PRODUCTS_DIR)/Sheet.app/Sheet";
			};
			name = Release;
		};
		74B95ED41DFB735400B03661 /* Debug */ = {
			isa = XCBuildConfiguration;
			baseConfigurationReference = DCCC85028A2B8F72C8D5DF16 /* Pods-SheetUITests.debug.xcconfig */;
			buildSettings = {
				ALWAYS_EMBED_SWIFT_STANDARD_LIBRARIES = YES;
				INFOPLIST_FILE = SheetUITests/Info.plist;
				LD_RUNPATH_SEARCH_PATHS = "$(inherited) @executable_path/Frameworks @loader_path/Frameworks";
				PRODUCT_BUNDLE_IDENTIFIER = com.ryanphillipthomas.SheetUITests;
				PRODUCT_NAME = "$(TARGET_NAME)";
				SWIFT_VERSION = 3.0;
				TEST_TARGET_NAME = Sheet;
			};
			name = Debug;
		};
		74B95ED51DFB735400B03661 /* Release */ = {
			isa = XCBuildConfiguration;
			baseConfigurationReference = 860CA7B9B603DA8CBF490151 /* Pods-SheetUITests.release.xcconfig */;
			buildSettings = {
				ALWAYS_EMBED_SWIFT_STANDARD_LIBRARIES = YES;
				INFOPLIST_FILE = SheetUITests/Info.plist;
				LD_RUNPATH_SEARCH_PATHS = "$(inherited) @executable_path/Frameworks @loader_path/Frameworks";
				PRODUCT_BUNDLE_IDENTIFIER = com.ryanphillipthomas.SheetUITests;
				PRODUCT_NAME = "$(TARGET_NAME)";
				SWIFT_VERSION = 3.0;
				TEST_TARGET_NAME = Sheet;
			};
			name = Release;
		};
/* End XCBuildConfiguration section */

/* Begin XCConfigurationList section */
		74B95E9D1DFB735300B03661 /* Build configuration list for PBXProject "Sheet" */ = {
			isa = XCConfigurationList;
			buildConfigurations = (
				74B95ECB1DFB735400B03661 /* Debug */,
				74B95ECC1DFB735400B03661 /* Release */,
			);
			defaultConfigurationIsVisible = 0;
			defaultConfigurationName = Release;
		};
		74B95ECD1DFB735400B03661 /* Build configuration list for PBXNativeTarget "Sheet" */ = {
			isa = XCConfigurationList;
			buildConfigurations = (
				74B95ECE1DFB735400B03661 /* Debug */,
				74B95ECF1DFB735400B03661 /* Release */,
			);
			defaultConfigurationIsVisible = 0;
			defaultConfigurationName = Release;
		};
		74B95ED01DFB735400B03661 /* Build configuration list for PBXNativeTarget "SheetTests" */ = {
			isa = XCConfigurationList;
			buildConfigurations = (
				74B95ED11DFB735400B03661 /* Debug */,
				74B95ED21DFB735400B03661 /* Release */,
			);
			defaultConfigurationIsVisible = 0;
			defaultConfigurationName = Release;
		};
		74B95ED31DFB735400B03661 /* Build configuration list for PBXNativeTarget "SheetUITests" */ = {
			isa = XCConfigurationList;
			buildConfigurations = (
				74B95ED41DFB735400B03661 /* Debug */,
				74B95ED51DFB735400B03661 /* Release */,
			);
			defaultConfigurationIsVisible = 0;
			defaultConfigurationName = Release;
		};
/* End XCConfigurationList section */

/* Begin XCVersionGroup section */
		74B95EAC1DFB735300B03661 /* Sheet.xcdatamodeld */ = {
			isa = XCVersionGroup;
			children = (
				74B95EAD1DFB735300B03661 /* Sheet.xcdatamodel */,
			);
			currentVersion = 74B95EAD1DFB735300B03661 /* Sheet.xcdatamodel */;
			path = Sheet.xcdatamodeld;
			sourceTree = "<group>";
			versionGroupType = wrapper.xcdatamodel;
		};
/* End XCVersionGroup section */
	};
	rootObject = 74B95E9A1DFB735300B03661 /* Project object */;
}
